// !$*UTF8*$!
{
	archiveVersion = 1;
	classes = {
	};
	objectVersion = 50;
	objects = {

/* Begin PBXBuildFile section */
		8AE328E92211FE42002B1658 /* AppDelegate.swift in Sources */ = {isa = PBXBuildFile; fileRef = 8AE328E82211FE42002B1658 /* AppDelegate.swift */; };
		8AE328EB2211FE42002B1658 /* ViewController.swift in Sources */ = {isa = PBXBuildFile; fileRef = 8AE328EA2211FE42002B1658 /* ViewController.swift */; };
		8AE328EE2211FE42002B1658 /* Main.storyboard in Resources */ = {isa = PBXBuildFile; fileRef = 8AE328EC2211FE42002B1658 /* Main.storyboard */; };
		8AE328F02211FE43002B1658 /* Assets.xcassets in Resources */ = {isa = PBXBuildFile; fileRef = 8AE328EF2211FE43002B1658 /* Assets.xcassets */; };
		8AE328F32211FE43002B1658 /* LaunchScreen.storyboard in Resources */ = {isa = PBXBuildFile; fileRef = 8AE328F12211FE43002B1658 /* LaunchScreen.storyboard */; };
		8AE328FE2211FE43002B1658 /* LightTests.swift in Sources */ = {isa = PBXBuildFile; fileRef = 8AE328FD2211FE43002B1658 /* LightTests.swift */; };
		8AE329092211FE43002B1658 /* LightUITests.swift in Sources */ = {isa = PBXBuildFile; fileRef = 8AE329082211FE43002B1658 /* LightUITests.swift */; };
/* End PBXBuildFile section */

/* Begin PBXContainerItemProxy section */
		8AE328FA2211FE43002B1658 /* PBXContainerItemProxy */ = {
			isa = PBXContainerItemProxy;
			containerPortal = 8AE328DD2211FE42002B1658 /* Project object */;
			proxyType = 1;
			remoteGlobalIDString = 8AE328E42211FE42002B1658;
			remoteInfo = Light;
		};
		8AE329052211FE43002B1658 /* PBXContainerItemProxy */ = {
			isa = PBXContainerItemProxy;
			containerPortal = 8AE328DD2211FE42002B1658 /* Project object */;
			proxyType = 1;
			remoteGlobalIDString = 8AE328E42211FE42002B1658;
			remoteInfo = Light;
		};
/* End PBXContainerItemProxy section */

/* Begin PBXFileReference section */
		8AE328E52211FE42002B1658 /* Light.app */ = {isa = PBXFileReference; explicitFileType = wrapper.application; includeInIndex = 0; path = Light.app; sourceTree = BUILT_PRODUCTS_DIR; };
		8AE328E82211FE42002B1658 /* AppDelegate.swift */ = {isa = PBXFileReference; lastKnownFileType = sourcecode.swift; path = AppDelegate.swift; sourceTree = "<group>"; };
		8AE328EA2211FE42002B1658 /* ViewController.swift */ = {isa = PBXFileReference; lastKnownFileType = sourcecode.swift; path = ViewController.swift; sourceTree = "<group>"; };
		8AE328ED2211FE42002B1658 /* Base */ = {isa = PBXFileReference; lastKnownFileType = file.storyboard; name = Base; path = Base.lproj/Main.storyboard; sourceTree = "<group>"; };
		8AE328EF2211FE43002B1658 /* Assets.xcassets */ = {isa = PBXFileReference; lastKnownFileType = folder.assetcatalog; path = Assets.xcassets; sourceTree = "<group>"; };
		8AE328F22211FE43002B1658 /* Base */ = {isa = PBXFileReference; lastKnownFileType = file.storyboard; name = Base; path = Base.lproj/LaunchScreen.storyboard; sourceTree = "<group>"; };
		8AE328F42211FE43002B1658 /* Info.plist */ = {isa = PBXFileReference; lastKnownFileType = text.plist.xml; path = Info.plist; sourceTree = "<group>"; };
		8AE328F92211FE43002B1658 /* LightTests.xctest */ = {isa = PBXFileReference; explicitFileType = wrapper.cfbundle; includeInIndex = 0; path = LightTests.xctest; sourceTree = BUILT_PRODUCTS_DIR; };
		8AE328FD2211FE43002B1658 /* LightTests.swift */ = {isa = PBXFileReference; lastKnownFileType = sourcecode.swift; path = LightTests.swift; sourceTree = "<group>"; };
		8AE328FF2211FE43002B1658 /* Info.plist */ = {isa = PBXFileReference; lastKnownFileType = text.plist.xml; path = Info.plist; sourceTree = "<group>"; };
		8AE329042211FE43002B1658 /* LightUITests.xctest */ = {isa = PBXFileReference; explicitFileType = wrapper.cfbundle; includeInIndex = 0; path = LightUITests.xctest; sourceTree = BUILT_PRODUCTS_DIR; };
		8AE329082211FE43002B1658 /* LightUITests.swift */ = {isa = PBXFileReference; lastKnownFileType = sourcecode.swift; path = LightUITests.swift; sourceTree = "<group>"; };
		8AE3290A2211FE43002B1658 /* Info.plist */ = {isa = PBXFileReference; lastKnownFileType = text.plist.xml; path = Info.plist; sourceTree = "<group>"; };
/* End PBXFileReference section */

/* Begin PBXFrameworksBuildPhase section */
		8AE328E22211FE42002B1658 /* Frameworks */ = {
			isa = PBXFrameworksBuildPhase;
			buildActionMask = 2147483647;
			files = (
			);
			runOnlyForDeploymentPostprocessing = 0;
		};
		8AE328F62211FE43002B1658 /* Frameworks */ = {
			isa = PBXFrameworksBuildPhase;
			buildActionMask = 2147483647;
			files = (
			);
			runOnlyForDeploymentPostprocessing = 0;
		};
		8AE329012211FE43002B1658 /* Frameworks */ = {
			isa = PBXFrameworksBuildPhase;
			buildActionMask = 2147483647;
			files = (
			);
			runOnlyForDeploymentPostprocessing = 0;
		};
/* End PBXFrameworksBuildPhase section */

/* Begin PBXGroup section */
		8AE328DC2211FE42002B1658 = {
			isa = PBXGroup;
			children = (
				8AE328E72211FE42002B1658 /* Light */,
				8AE328FC2211FE43002B1658 /* LightTests */,
				8AE329072211FE43002B1658 /* LightUITests */,
				8AE328E62211FE42002B1658 /* Products */,
			);
			sourceTree = "<group>";
		};
		8AE328E62211FE42002B1658 /* Products */ = {
			isa = PBXGroup;
			children = (
				8AE328E52211FE42002B1658 /* Light.app */,
				8AE328F92211FE43002B1658 /* LightTests.xctest */,
				8AE329042211FE43002B1658 /* LightUITests.xctest */,
			);
			name = Products;
			sourceTree = "<group>";
		};
		8AE328E72211FE42002B1658 /* Light */ = {
			isa = PBXGroup;
			children = (
				8AE328E82211FE42002B1658 /* AppDelegate.swift */,
				8AE328EA2211FE42002B1658 /* ViewController.swift */,
				8AE328EC2211FE42002B1658 /* Main.storyboard */,
				8AE328EF2211FE43002B1658 /* Assets.xcassets */,
				8AE328F12211FE43002B1658 /* LaunchScreen.storyboard */,
				8AE328F42211FE43002B1658 /* Info.plist */,
			);
			path = Light;
			sourceTree = "<group>";
		};
		8AE328FC2211FE43002B1658 /* LightTests */ = {
			isa = PBXGroup;
			children = (
				8AE328FD2211FE43002B1658 /* LightTests.swift */,
				8AE328FF2211FE43002B1658 /* Info.plist */,
			);
			path = LightTests;
			sourceTree = "<group>";
		};
		8AE329072211FE43002B1658 /* LightUITests */ = {
			isa = PBXGroup;
			children = (
				8AE329082211FE43002B1658 /* LightUITests.swift */,
				8AE3290A2211FE43002B1658 /* Info.plist */,
			);
			path = LightUITests;
			sourceTree = "<group>";
		};
/* End PBXGroup section */

/* Begin PBXNativeTarget section */
		8AE328E42211FE42002B1658 /* Light */ = {
			isa = PBXNativeTarget;
			buildConfigurationList = 8AE3290D2211FE43002B1658 /* Build configuration list for PBXNativeTarget "Light" */;
			buildPhases = (
				8AE328E12211FE42002B1658 /* Sources */,
				8AE328E22211FE42002B1658 /* Frameworks */,
				8AE328E32211FE42002B1658 /* Resources */,
			);
			buildRules = (
			);
			dependencies = (
			);
			name = Light;
			productName = Light;
			productReference = 8AE328E52211FE42002B1658 /* Light.app */;
			productType = "com.apple.product-type.application";
		};
		8AE328F82211FE43002B1658 /* LightTests */ = {
			isa = PBXNativeTarget;
			buildConfigurationList = 8AE329102211FE43002B1658 /* Build configuration list for PBXNativeTarget "LightTests" */;
			buildPhases = (
				8AE328F52211FE43002B1658 /* Sources */,
				8AE328F62211FE43002B1658 /* Frameworks */,
				8AE328F72211FE43002B1658 /* Resources */,
			);
			buildRules = (
			);
			dependencies = (
				8AE328FB2211FE43002B1658 /* PBXTargetDependency */,
			);
			name = LightTests;
			productName = LightTests;
			productReference = 8AE328F92211FE43002B1658 /* LightTests.xctest */;
			productType = "com.apple.product-type.bundle.unit-test";
		};
		8AE329032211FE43002B1658 /* LightUITests */ = {
			isa = PBXNativeTarget;
			buildConfigurationList = 8AE329132211FE43002B1658 /* Build configuration list for PBXNativeTarget "LightUITests" */;
			buildPhases = (
				8AE329002211FE43002B1658 /* Sources */,
				8AE329012211FE43002B1658 /* Frameworks */,
				8AE329022211FE43002B1658 /* Resources */,
			);
			buildRules = (
			);
			dependencies = (
				8AE329062211FE43002B1658 /* PBXTargetDependency */,
			);
			name = LightUITests;
			productName = LightUITests;
			productReference = 8AE329042211FE43002B1658 /* LightUITests.xctest */;
			productType = "com.apple.product-type.bundle.ui-testing";
		};
/* End PBXNativeTarget section */

/* Begin PBXProject section */
		8AE328DD2211FE42002B1658 /* Project object */ = {
			isa = PBXProject;
			attributes = {
				LastSwiftUpdateCheck = 1010;
				LastUpgradeCheck = 1010;
				ORGANIZATIONNAME = Lliam;
				TargetAttributes = {
					8AE328E42211FE42002B1658 = {
						CreatedOnToolsVersion = 10.1;
					};
					8AE328F82211FE43002B1658 = {
						CreatedOnToolsVersion = 10.1;
						TestTargetID = 8AE328E42211FE42002B1658;
					};
					8AE329032211FE43002B1658 = {
						CreatedOnToolsVersion = 10.1;
						TestTargetID = 8AE328E42211FE42002B1658;
					};
				};
			};
			buildConfigurationList = 8AE328E02211FE42002B1658 /* Build configuration list for PBXProject "Light" */;
			compatibilityVersion = "Xcode 9.3";
			developmentRegion = en;
			hasScannedForEncodings = 0;
			knownRegions = (
				en,
				Base,
			);
			mainGroup = 8AE328DC2211FE42002B1658;
			productRefGroup = 8AE328E62211FE42002B1658 /* Products */;
			projectDirPath = "";
			projectRoot = "";
			targets = (
				8AE328E42211FE42002B1658 /* Light */,
				8AE328F82211FE43002B1658 /* LightTests */,
				8AE329032211FE43002B1658 /* LightUITests */,
			);
		};
/* End PBXProject section */

/* Begin PBXResourcesBuildPhase section */
		8AE328E32211FE42002B1658 /* Resources */ = {
			isa = PBXResourcesBuildPhase;
			buildActionMask = 2147483647;
			files = (
				8AE328F32211FE43002B1658 /* LaunchScreen.storyboard in Resources */,
				8AE328F02211FE43002B1658 /* Assets.xcassets in Resources */,
				8AE328EE2211FE42002B1658 /* Main.storyboard in Resources */,
			);
			runOnlyForDeploymentPostprocessing = 0;
		};
		8AE328F72211FE43002B1658 /* Resources */ = {
			isa = PBXResourcesBuildPhase;
			buildActionMask = 2147483647;
			files = (
			);
			runOnlyForDeploymentPostprocessing = 0;
		};
		8AE329022211FE43002B1658 /* Resources */ = {
			isa = PBXResourcesBuildPhase;
			buildActionMask = 2147483647;
			files = (
			);
			runOnlyForDeploymentPostprocessing = 0;
		};
/* End PBXResourcesBuildPhase section */

/* Begin PBXSourcesBuildPhase section */
		8AE328E12211FE42002B1658 /* Sources */ = {
			isa = PBXSourcesBuildPhase;
			buildActionMask = 2147483647;
			files = (
				8AE328EB2211FE42002B1658 /* ViewController.swift in Sources */,
				8AE328E92211FE42002B1658 /* AppDelegate.swift in Sources */,
			);
			runOnlyForDeploymentPostprocessing = 0;
		};
		8AE328F52211FE43002B1658 /* Sources */ = {
			isa = PBXSourcesBuildPhase;
			buildActionMask = 2147483647;
			files = (
				8AE328FE2211FE43002B1658 /* LightTests.swift in Sources */,
			);
			runOnlyForDeploymentPostprocessing = 0;
		};
		8AE329002211FE43002B1658 /* Sources */ = {
			isa = PBXSourcesBuildPhase;
			buildActionMask = 2147483647;
			files = (
				8AE329092211FE43002B1658 /* LightUITests.swift in Sources */,
			);
			runOnlyForDeploymentPostprocessing = 0;
		};
/* End PBXSourcesBuildPhase section */

/* Begin PBXTargetDependency section */
		8AE328FB2211FE43002B1658 /* PBXTargetDependency */ = {
			isa = PBXTargetDependency;
			target = 8AE328E42211FE42002B1658 /* Light */;
			targetProxy = 8AE328FA2211FE43002B1658 /* PBXContainerItemProxy */;
		};
		8AE329062211FE43002B1658 /* PBXTargetDependency */ = {
			isa = PBXTargetDependency;
			target = 8AE328E42211FE42002B1658 /* Light */;
			targetProxy = 8AE329052211FE43002B1658 /* PBXContainerItemProxy */;
		};
/* End PBXTargetDependency section */

/* Begin PBXVariantGroup section */
		8AE328EC2211FE42002B1658 /* Main.storyboard */ = {
			isa = PBXVariantGroup;
			children = (
				8AE328ED2211FE42002B1658 /* Base */,
			);
			name = Main.storyboard;
			sourceTree = "<group>";
		};
		8AE328F12211FE43002B1658 /* LaunchScreen.storyboard */ = {
			isa = PBXVariantGroup;
			children = (
				8AE328F22211FE43002B1658 /* Base */,
			);
			name = LaunchScreen.storyboard;
			sourceTree = "<group>";
		};
/* End PBXVariantGroup section */

/* Begin XCBuildConfiguration section */
		8AE3290B2211FE43002B1658 /* Debug */ = {
			isa = XCBuildConfiguration;
			buildSettings = {
				ALWAYS_SEARCH_USER_PATHS = NO;
				CLANG_ANALYZER_NONNULL = YES;
				CLANG_ANALYZER_NUMBER_OBJECT_CONVERSION = YES_AGGRESSIVE;
				CLANG_CXX_LANGUAGE_STANDARD = "gnu++14";
				CLANG_CXX_LIBRARY = "libc++";
				CLANG_ENABLE_MODULES = YES;
				CLANG_ENABLE_OBJC_ARC = YES;
				CLANG_ENABLE_OBJC_WEAK = YES;
				CLANG_WARN_BLOCK_CAPTURE_AUTORELEASING = YES;
				CLANG_WARN_BOOL_CONVERSION = YES;
				CLANG_WARN_COMMA = YES;
				CLANG_WARN_CONSTANT_CONVERSION = YES;
				CLANG_WARN_DEPRECATED_OBJC_IMPLEMENTATIONS = YES;
				CLANG_WARN_DIRECT_OBJC_ISA_USAGE = YES_ERROR;
				CLANG_WARN_DOCUMENTATION_COMMENTS = YES;
				CLANG_WARN_EMPTY_BODY = YES;
				CLANG_WARN_ENUM_CONVERSION = YES;
				CLANG_WARN_INFINITE_RECURSION = YES;
				CLANG_WARN_INT_CONVERSION = YES;
				CLANG_WARN_NON_LITERAL_NULL_CONVERSION = YES;
				CLANG_WARN_OBJC_IMPLICIT_RETAIN_SELF = YES;
				CLANG_WARN_OBJC_LITERAL_CONVERSION = YES;
				CLANG_WARN_OBJC_ROOT_CLASS = YES_ERROR;
				CLANG_WARN_RANGE_LOOP_ANALYSIS = YES;
				CLANG_WARN_STRICT_PROTOTYPES = YES;
				CLANG_WARN_SUSPICIOUS_MOVE = YES;
				CLANG_WARN_UNGUARDED_AVAILABILITY = YES_AGGRESSIVE;
				CLANG_WARN_UNREACHABLE_CODE = YES;
				CLANG_WARN__DUPLICATE_METHOD_MATCH = YES;
				CODE_SIGN_IDENTITY = "iPhone Developer";
				COPY_PHASE_STRIP = NO;
				DEBUG_INFORMATION_FORMAT = dwarf;
				ENABLE_STRICT_OBJC_MSGSEND = YES;
				ENABLE_TESTABILITY = YES;
				GCC_C_LANGUAGE_STANDARD = gnu11;
				GCC_DYNAMIC_NO_PIC = NO;
				GCC_NO_COMMON_BLOCKS = YES;
				GCC_OPTIMIZATION_LEVEL = 0;
				GCC_PREPROCESSOR_DEFINITIONS = (
					"DEBUG=1",
					"$(inherited)",
				);
				GCC_WARN_64_TO_32_BIT_CONVERSION = YES;
				GCC_WARN_ABOUT_RETURN_TYPE = YES_ERROR;
				GCC_WARN_UNDECLARED_SELECTOR = YES;
				GCC_WARN_UNINITIALIZED_AUTOS = YES_AGGRESSIVE;
				GCC_WARN_UNUSED_FUNCTION = YES;
				GCC_WARN_UNUSED_VARIABLE = YES;
				IPHONEOS_DEPLOYMENT_TARGET = 12.1;
				MTL_ENABLE_DEBUG_INFO = INCLUDE_SOURCE;
				MTL_FAST_MATH = YES;
				ONLY_ACTIVE_ARCH = YES;
				SDKROOT = iphoneos;
				SWIFT_ACTIVE_COMPILATION_CONDITIONS = DEBUG;
				SWIFT_OPTIMIZATION_LEVEL = "-Onone";
			};
			name = Debug;
		};
		8AE3290C2211FE43002B1658 /* Release */ = {
			isa = XCBuildConfiguration;
			buildSettings = {
				ALWAYS_SEARCH_USER_PATHS = NO;
				CLANG_ANALYZER_NONNULL = YES;
				CLANG_ANALYZER_NUMBER_OBJECT_CONVERSION = YES_AGGRESSIVE;
				CLANG_CXX_LANGUAGE_STANDARD = "gnu++14";
				CLANG_CXX_LIBRARY = "libc++";
				CLANG_ENABLE_MODULES = YES;
				CLANG_ENABLE_OBJC_ARC = YES;
				CLANG_ENABLE_OBJC_WEAK = YES;
				CLANG_WARN_BLOCK_CAPTURE_AUTORELEASING = YES;
				CLANG_WARN_BOOL_CONVERSION = YES;
				CLANG_WARN_COMMA = YES;
				CLANG_WARN_CONSTANT_CONVERSION = YES;
				CLANG_WARN_DEPRECATED_OBJC_IMPLEMENTATIONS = YES;
				CLANG_WARN_DIRECT_OBJC_ISA_USAGE = YES_ERROR;
				CLANG_WARN_DOCUMENTATION_COMMENTS = YES;
				CLANG_WARN_EMPTY_BODY = YES;
				CLANG_WARN_ENUM_CONVERSION = YES;
				CLANG_WARN_INFINITE_RECURSION = YES;
				CLANG_WARN_INT_CONVERSION = YES;
				CLANG_WARN_NON_LITERAL_NULL_CONVERSION = YES;
				CLANG_WARN_OBJC_IMPLICIT_RETAIN_SELF = YES;
				CLANG_WARN_OBJC_LITERAL_CONVERSION = YES;
				CLANG_WARN_OBJC_ROOT_CLASS = YES_ERROR;
				CLANG_WARN_RANGE_LOOP_ANALYSIS = YES;
				CLANG_WARN_STRICT_PROTOTYPES = YES;
				CLANG_WARN_SUSPICIOUS_MOVE = YES;
				CLANG_WARN_UNGUARDED_AVAILABILITY = YES_AGGRESSIVE;
				CLANG_WARN_UNREACHABLE_CODE = YES;
				CLANG_WARN__DUPLICATE_METHOD_MATCH = YES;
				CODE_SIGN_IDENTITY = "iPhone Developer";
				COPY_PHASE_STRIP = NO;
				DEBUG_INFORMATION_FORMAT = "dwarf-with-dsym";
				ENABLE_NS_ASSERTIONS = NO;
				ENABLE_STRICT_OBJC_MSGSEND = YES;
				GCC_C_LANGUAGE_STANDARD = gnu11;
				GCC_NO_COMMON_BLOCKS = YES;
				GCC_WARN_64_TO_32_BIT_CONVERSION = YES;
				GCC_WARN_ABOUT_RETURN_TYPE = YES_ERROR;
				GCC_WARN_UNDECLARED_SELECTOR = YES;
				GCC_WARN_UNINITIALIZED_AUTOS = YES_AGGRESSIVE;
				GCC_WARN_UNUSED_FUNCTION = YES;
				GCC_WARN_UNUSED_VARIABLE = YES;
				IPHONEOS_DEPLOYMENT_TARGET = 12.1;
				MTL_ENABLE_DEBUG_INFO = NO;
				MTL_FAST_MATH = YES;
				SDKROOT = iphoneos;
				SWIFT_COMPILATION_MODE = wholemodule;
				SWIFT_OPTIMIZATION_LEVEL = "-O";
				VALIDATE_PRODUCT = YES;
			};
			name = Release;
		};
		8AE3290E2211FE43002B1658 /* Debug */ = {
			isa = XCBuildConfiguration;
			buildSettings = {
				ASSETCATALOG_COMPILER_APPICON_NAME = AppIcon;
				CODE_SIGN_STYLE = Automatic;
				INFOPLIST_FILE = Light/Info.plist;
				LD_RUNPATH_SEARCH_PATHS = (
					"$(inherited)",
					"@executable_path/Frameworks",
				);
				PRODUCT_BUNDLE_IDENTIFIER = org.ssfs.Light;
				PRODUCT_NAME = "$(TARGET_NAME)";
				SWIFT_VERSION = 4.2;
				TARGETED_DEVICE_FAMILY = "1,2";
			};
			name = Debug;
		};
		8AE3290F2211FE43002B1658 /* Release */ = {
			isa = XCBuildConfiguration;
			buildSettings = {
				ASSETCATALOG_COMPILER_APPICON_NAME = AppIcon;
				CODE_SIGN_STYLE = Automatic;
				INFOPLIST_FILE = Light/Info.plist;
				LD_RUNPATH_SEARCH_PATHS = (
					"$(inherited)",
					"@executable_path/Frameworks",
				);
				PRODUCT_BUNDLE_IDENTIFIER = org.ssfs.Light;
				PRODUCT_NAME = "$(TARGET_NAME)";
				SWIFT_VERSION = 4.2;
				TARGETED_DEVICE_FAMILY = "1,2";
			};
			name = Release;
		};
		8AE329112211FE43002B1658 /* Debug */ = {
			isa = XCBuildConfiguration;
			buildSettings = {
				ALWAYS_EMBED_SWIFT_STANDARD_LIBRARIES = YES;
				BUNDLE_LOADER = "$(TEST_HOST)";
				CODE_SIGN_STYLE = Automatic;
				INFOPLIST_FILE = LightTests/Info.plist;
				LD_RUNPATH_SEARCH_PATHS = (
					"$(inherited)",
					"@executable_path/Frameworks",
					"@loader_path/Frameworks",
				);
				PRODUCT_BUNDLE_IDENTIFIER = org.ssfs.LightTests;
				PRODUCT_NAME = "$(TARGET_NAME)";
				SWIFT_VERSION = 4.2;
				TARGETED_DEVICE_FAMILY = "1,2";
				TEST_HOST = "$(BUILT_PRODUCTS_DIR)/Light.app/Light";
			};
			name = Debug;
		};
		8AE329122211FE43002B1658 /* Release */ = {
			isa = XCBuildConfiguration;
			buildSettings = {
				ALWAYS_EMBED_SWIFT_STANDARD_LIBRARIES = YES;
				BUNDLE_LOADER = "$(TEST_HOST)";
				CODE_SIGN_STYLE = Automatic;
				INFOPLIST_FILE = LightTests/Info.plist;
				LD_RUNPATH_SEARCH_PATHS = (
					"$(inherited)",
					"@executable_path/Frameworks",
					"@loader_path/Frameworks",
				);
				PRODUCT_BUNDLE_IDENTIFIER = org.ssfs.LightTests;
				PRODUCT_NAME = "$(TARGET_NAME)";
				SWIFT_VERSION = 4.2;
				TARGETED_DEVICE_FAMILY = "1,2";
				TEST_HOST = "$(BUILT_PRODUCTS_DIR)/Light.app/Light";
			};
			name = Release;
		};
		8AE329142211FE43002B1658 /* Debug */ = {
			isa = XCBuildConfiguration;
			buildSettings = {
				ALWAYS_EMBED_SWIFT_STANDARD_LIBRARIES = YES;
				CODE_SIGN_STYLE = Automatic;
				INFOPLIST_FILE = LightUITests/Info.plist;
				LD_RUNPATH_SEARCH_PATHS = (
					"$(inherited)",
					"@executable_path/Frameworks",
					"@loader_path/Frameworks",
				);
				PRODUCT_BUNDLE_IDENTIFIER = org.ssfs.LightUITests;
				PRODUCT_NAME = "$(TARGET_NAME)";
				SWIFT_VERSION = 4.2;
				TARGETED_DEVICE_FAMILY = "1,2";
				TEST_TARGET_NAME = Light;
			};
			name = Debug;
		};
		8AE329152211FE43002B1658 /* Release */ = {
			isa = XCBuildConfiguration;
			buildSettings = {
				ALWAYS_EMBED_SWIFT_STANDARD_LIBRARIES = YES;
				CODE_SIGN_STYLE = Automatic;
				INFOPLIST_FILE = LightUITests/Info.plist;
				LD_RUNPATH_SEARCH_PATHS = (
					"$(inherited)",
					"@executable_path/Frameworks",
					"@loader_path/Frameworks",
				);
				PRODUCT_BUNDLE_IDENTIFIER = org.ssfs.LightUITests;
				PRODUCT_NAME = "$(TARGET_NAME)";
				SWIFT_VERSION = 4.2;
				TARGETED_DEVICE_FAMILY = "1,2";
				TEST_TARGET_NAME = Light;
			};
			name = Release;
		};
/* End XCBuildConfiguration section */

/* Begin XCConfigurationList section */
		8AE328E02211FE42002B1658 /* Build configuration list for PBXProject "Light" */ = {
			isa = XCConfigurationList;
			buildConfigurations = (
				8AE3290B2211FE43002B1658 /* Debug */,
				8AE3290C2211FE43002B1658 /* Release */,
			);
			defaultConfigurationIsVisible = 0;
			defaultConfigurationName = Release;
		};
		8AE3290D2211FE43002B1658 /* Build configuration list for PBXNativeTarget "Light" */ = {
			isa = XCConfigurationList;
			buildConfigurations = (
				8AE3290E2211FE43002B1658 /* Debug */,
				8AE3290F2211FE43002B1658 /* Release */,
			);
			defaultConfigurationIsVisible = 0;
			defaultConfigurationName = Release;
		};
		8AE329102211FE43002B1658 /* Build configuration list for PBXNativeTarget "LightTests" */ = {
			isa = XCConfigurationList;
			buildConfigurations = (
				8AE329112211FE43002B1658 /* Debug */,
				8AE329122211FE43002B1658 /* Release */,
			);
			defaultConfigurationIsVisible = 0;
			defaultConfigurationName = Release;
		};
		8AE329132211FE43002B1658 /* Build configuration list for PBXNativeTarget "LightUITests" */ = {
			isa = XCConfigurationList;
			buildConfigurations = (
				8AE329142211FE43002B1658 /* Debug */,
				8AE329152211FE43002B1658 /* Release */,
			);
			defaultConfigurationIsVisible = 0;
			defaultConfigurationName = Release;
		};
/* End XCConfigurationList section */
	};
	rootObject = 8AE328DD2211FE42002B1658 /* Project object */;
}
