// !$*UTF8*$!
{
	archiveVersion = 1;
	classes = {
	};
	objectVersion = 50;
	objects = {

/* Begin PBXBuildFile section */
		8A6B433C225BA026004B3025 /* AppDelegate.swift in Sources */ = {isa = PBXBuildFile; fileRef = 8A6B433B225BA026004B3025 /* AppDelegate.swift */; };
		8A6B433E225BA026004B3025 /* ViewController.swift in Sources */ = {isa = PBXBuildFile; fileRef = 8A6B433D225BA026004B3025 /* ViewController.swift */; };
		8A6B4341225BA026004B3025 /* Main.storyboard in Resources */ = {isa = PBXBuildFile; fileRef = 8A6B433F225BA026004B3025 /* Main.storyboard */; };
		8A6B4343225BA028004B3025 /* Assets.xcassets in Resources */ = {isa = PBXBuildFile; fileRef = 8A6B4342225BA028004B3025 /* Assets.xcassets */; };
		8A6B4346225BA028004B3025 /* LaunchScreen.storyboard in Resources */ = {isa = PBXBuildFile; fileRef = 8A6B4344225BA028004B3025 /* LaunchScreen.storyboard */; };
		8A6B4351225BA028004B3025 /* LoginTests.swift in Sources */ = {isa = PBXBuildFile; fileRef = 8A6B4350225BA028004B3025 /* LoginTests.swift */; };
		8A6B435C225BA028004B3025 /* LoginUITests.swift in Sources */ = {isa = PBXBuildFile; fileRef = 8A6B435B225BA028004B3025 /* LoginUITests.swift */; };
/* End PBXBuildFile section */

/* Begin PBXContainerItemProxy section */
		8A6B434D225BA028004B3025 /* PBXContainerItemProxy */ = {
			isa = PBXContainerItemProxy;
			containerPortal = 8A6B4330225BA026004B3025 /* Project object */;
			proxyType = 1;
			remoteGlobalIDString = 8A6B4337225BA026004B3025;
			remoteInfo = Login;
		};
		8A6B4358225BA028004B3025 /* PBXContainerItemProxy */ = {
			isa = PBXContainerItemProxy;
			containerPortal = 8A6B4330225BA026004B3025 /* Project object */;
			proxyType = 1;
			remoteGlobalIDString = 8A6B4337225BA026004B3025;
			remoteInfo = Login;
		};
/* End PBXContainerItemProxy section */

/* Begin PBXFileReference section */
		8A6B4338225BA026004B3025 /* Login.app */ = {isa = PBXFileReference; explicitFileType = wrapper.application; includeInIndex = 0; path = Login.app; sourceTree = BUILT_PRODUCTS_DIR; };
		8A6B433B225BA026004B3025 /* AppDelegate.swift */ = {isa = PBXFileReference; lastKnownFileType = sourcecode.swift; path = AppDelegate.swift; sourceTree = "<group>"; };
		8A6B433D225BA026004B3025 /* ViewController.swift */ = {isa = PBXFileReference; lastKnownFileType = sourcecode.swift; path = ViewController.swift; sourceTree = "<group>"; };
		8A6B4340225BA026004B3025 /* Base */ = {isa = PBXFileReference; lastKnownFileType = file.storyboard; name = Base; path = Base.lproj/Main.storyboard; sourceTree = "<group>"; };
		8A6B4342225BA028004B3025 /* Assets.xcassets */ = {isa = PBXFileReference; lastKnownFileType = folder.assetcatalog; path = Assets.xcassets; sourceTree = "<group>"; };
		8A6B4345225BA028004B3025 /* Base */ = {isa = PBXFileReference; lastKnownFileType = file.storyboard; name = Base; path = Base.lproj/LaunchScreen.storyboard; sourceTree = "<group>"; };
		8A6B4347225BA028004B3025 /* Info.plist */ = {isa = PBXFileReference; lastKnownFileType = text.plist.xml; path = Info.plist; sourceTree = "<group>"; };
		8A6B434C225BA028004B3025 /* LoginTests.xctest */ = {isa = PBXFileReference; explicitFileType = wrapper.cfbundle; includeInIndex = 0; path = LoginTests.xctest; sourceTree = BUILT_PRODUCTS_DIR; };
		8A6B4350225BA028004B3025 /* LoginTests.swift */ = {isa = PBXFileReference; lastKnownFileType = sourcecode.swift; path = LoginTests.swift; sourceTree = "<group>"; };
		8A6B4352225BA028004B3025 /* Info.plist */ = {isa = PBXFileReference; lastKnownFileType = text.plist.xml; path = Info.plist; sourceTree = "<group>"; };
		8A6B4357225BA028004B3025 /* LoginUITests.xctest */ = {isa = PBXFileReference; explicitFileType = wrapper.cfbundle; includeInIndex = 0; path = LoginUITests.xctest; sourceTree = BUILT_PRODUCTS_DIR; };
		8A6B435B225BA028004B3025 /* LoginUITests.swift */ = {isa = PBXFileReference; lastKnownFileType = sourcecode.swift; path = LoginUITests.swift; sourceTree = "<group>"; };
		8A6B435D225BA028004B3025 /* Info.plist */ = {isa = PBXFileReference; lastKnownFileType = text.plist.xml; path = Info.plist; sourceTree = "<group>"; };
/* End PBXFileReference section */

/* Begin PBXFrameworksBuildPhase section */
		8A6B4335225BA026004B3025 /* Frameworks */ = {
			isa = PBXFrameworksBuildPhase;
			buildActionMask = 2147483647;
			files = (
			);
			runOnlyForDeploymentPostprocessing = 0;
		};
		8A6B4349225BA028004B3025 /* Frameworks */ = {
			isa = PBXFrameworksBuildPhase;
			buildActionMask = 2147483647;
			files = (
			);
			runOnlyForDeploymentPostprocessing = 0;
		};
		8A6B4354225BA028004B3025 /* Frameworks */ = {
			isa = PBXFrameworksBuildPhase;
			buildActionMask = 2147483647;
			files = (
			);
			runOnlyForDeploymentPostprocessing = 0;
		};
/* End PBXFrameworksBuildPhase section */

/* Begin PBXGroup section */
		8A6B432F225BA026004B3025 = {
			isa = PBXGroup;
			children = (
				8A6B433A225BA026004B3025 /* Login */,
				8A6B434F225BA028004B3025 /* LoginTests */,
				8A6B435A225BA028004B3025 /* LoginUITests */,
				8A6B4339225BA026004B3025 /* Products */,
			);
			sourceTree = "<group>";
		};
		8A6B4339225BA026004B3025 /* Products */ = {
			isa = PBXGroup;
			children = (
				8A6B4338225BA026004B3025 /* Login.app */,
				8A6B434C225BA028004B3025 /* LoginTests.xctest */,
				8A6B4357225BA028004B3025 /* LoginUITests.xctest */,
			);
			name = Products;
			sourceTree = "<group>";
		};
		8A6B433A225BA026004B3025 /* Login */ = {
			isa = PBXGroup;
			children = (
				8A6B433B225BA026004B3025 /* AppDelegate.swift */,
				8A6B433D225BA026004B3025 /* ViewController.swift */,
				8A6B433F225BA026004B3025 /* Main.storyboard */,
				8A6B4342225BA028004B3025 /* Assets.xcassets */,
				8A6B4344225BA028004B3025 /* LaunchScreen.storyboard */,
				8A6B4347225BA028004B3025 /* Info.plist */,
			);
			path = Login;
			sourceTree = "<group>";
		};
		8A6B434F225BA028004B3025 /* LoginTests */ = {
			isa = PBXGroup;
			children = (
				8A6B4350225BA028004B3025 /* LoginTests.swift */,
				8A6B4352225BA028004B3025 /* Info.plist */,
			);
			path = LoginTests;
			sourceTree = "<group>";
		};
		8A6B435A225BA028004B3025 /* LoginUITests */ = {
			isa = PBXGroup;
			children = (
				8A6B435B225BA028004B3025 /* LoginUITests.swift */,
				8A6B435D225BA028004B3025 /* Info.plist */,
			);
			path = LoginUITests;
			sourceTree = "<group>";
		};
/* End PBXGroup section */

/* Begin PBXNativeTarget section */
		8A6B4337225BA026004B3025 /* Login */ = {
			isa = PBXNativeTarget;
			buildConfigurationList = 8A6B4360225BA028004B3025 /* Build configuration list for PBXNativeTarget "Login" */;
			buildPhases = (
				8A6B4334225BA026004B3025 /* Sources */,
				8A6B4335225BA026004B3025 /* Frameworks */,
				8A6B4336225BA026004B3025 /* Resources */,
			);
			buildRules = (
			);
			dependencies = (
			);
			name = Login;
			productName = Login;
			productReference = 8A6B4338225BA026004B3025 /* Login.app */;
			productType = "com.apple.product-type.application";
		};
		8A6B434B225BA028004B3025 /* LoginTests */ = {
			isa = PBXNativeTarget;
			buildConfigurationList = 8A6B4363225BA028004B3025 /* Build configuration list for PBXNativeTarget "LoginTests" */;
			buildPhases = (
				8A6B4348225BA028004B3025 /* Sources */,
				8A6B4349225BA028004B3025 /* Frameworks */,
				8A6B434A225BA028004B3025 /* Resources */,
			);
			buildRules = (
			);
			dependencies = (
				8A6B434E225BA028004B3025 /* PBXTargetDependency */,
			);
			name = LoginTests;
			productName = LoginTests;
			productReference = 8A6B434C225BA028004B3025 /* LoginTests.xctest */;
			productType = "com.apple.product-type.bundle.unit-test";
		};
		8A6B4356225BA028004B3025 /* LoginUITests */ = {
			isa = PBXNativeTarget;
			buildConfigurationList = 8A6B4366225BA028004B3025 /* Build configuration list for PBXNativeTarget "LoginUITests" */;
			buildPhases = (
				8A6B4353225BA028004B3025 /* Sources */,
				8A6B4354225BA028004B3025 /* Frameworks */,
				8A6B4355225BA028004B3025 /* Resources */,
			);
			buildRules = (
			);
			dependencies = (
				8A6B4359225BA028004B3025 /* PBXTargetDependency */,
			);
			name = LoginUITests;
			productName = LoginUITests;
			productReference = 8A6B4357225BA028004B3025 /* LoginUITests.xctest */;
			productType = "com.apple.product-type.bundle.ui-testing";
		};
/* End PBXNativeTarget section */

/* Begin PBXProject section */
		8A6B4330225BA026004B3025 /* Project object */ = {
			isa = PBXProject;
			attributes = {
				LastSwiftUpdateCheck = 1010;
				LastUpgradeCheck = 1010;
				ORGANIZATIONNAME = Lliam;
				TargetAttributes = {
					8A6B4337225BA026004B3025 = {
						CreatedOnToolsVersion = 10.1;
					};
					8A6B434B225BA028004B3025 = {
						CreatedOnToolsVersion = 10.1;
						TestTargetID = 8A6B4337225BA026004B3025;
					};
					8A6B4356225BA028004B3025 = {
						CreatedOnToolsVersion = 10.1;
						TestTargetID = 8A6B4337225BA026004B3025;
					};
				};
			};
			buildConfigurationList = 8A6B4333225BA026004B3025 /* Build configuration list for PBXProject "Login" */;
			compatibilityVersion = "Xcode 9.3";
			developmentRegion = en;
			hasScannedForEncodings = 0;
			knownRegions = (
				en,
				Base,
			);
			mainGroup = 8A6B432F225BA026004B3025;
			productRefGroup = 8A6B4339225BA026004B3025 /* Products */;
			projectDirPath = "";
			projectRoot = "";
			targets = (
				8A6B4337225BA026004B3025 /* Login */,
				8A6B434B225BA028004B3025 /* LoginTests */,
				8A6B4356225BA028004B3025 /* LoginUITests */,
			);
		};
/* End PBXProject section */

/* Begin PBXResourcesBuildPhase section */
		8A6B4336225BA026004B3025 /* Resources */ = {
			isa = PBXResourcesBuildPhase;
			buildActionMask = 2147483647;
			files = (
				8A6B4346225BA028004B3025 /* LaunchScreen.storyboard in Resources */,
				8A6B4343225BA028004B3025 /* Assets.xcassets in Resources */,
				8A6B4341225BA026004B3025 /* Main.storyboard in Resources */,
			);
			runOnlyForDeploymentPostprocessing = 0;
		};
		8A6B434A225BA028004B3025 /* Resources */ = {
			isa = PBXResourcesBuildPhase;
			buildActionMask = 2147483647;
			files = (
			);
			runOnlyForDeploymentPostprocessing = 0;
		};
		8A6B4355225BA028004B3025 /* Resources */ = {
			isa = PBXResourcesBuildPhase;
			buildActionMask = 2147483647;
			files = (
			);
			runOnlyForDeploymentPostprocessing = 0;
		};
/* End PBXResourcesBuildPhase section */

/* Begin PBXSourcesBuildPhase section */
		8A6B4334225BA026004B3025 /* Sources */ = {
			isa = PBXSourcesBuildPhase;
			buildActionMask = 2147483647;
			files = (
				8A6B433E225BA026004B3025 /* ViewController.swift in Sources */,
				8A6B433C225BA026004B3025 /* AppDelegate.swift in Sources */,
			);
			runOnlyForDeploymentPostprocessing = 0;
		};
		8A6B4348225BA028004B3025 /* Sources */ = {
			isa = PBXSourcesBuildPhase;
			buildActionMask = 2147483647;
			files = (
				8A6B4351225BA028004B3025 /* LoginTests.swift in Sources */,
			);
			runOnlyForDeploymentPostprocessing = 0;
		};
		8A6B4353225BA028004B3025 /* Sources */ = {
			isa = PBXSourcesBuildPhase;
			buildActionMask = 2147483647;
			files = (
				8A6B435C225BA028004B3025 /* LoginUITests.swift in Sources */,
			);
			runOnlyForDeploymentPostprocessing = 0;
		};
/* End PBXSourcesBuildPhase section */

/* Begin PBXTargetDependency section */
		8A6B434E225BA028004B3025 /* PBXTargetDependency */ = {
			isa = PBXTargetDependency;
			target = 8A6B4337225BA026004B3025 /* Login */;
			targetProxy = 8A6B434D225BA028004B3025 /* PBXContainerItemProxy */;
		};
		8A6B4359225BA028004B3025 /* PBXTargetDependency */ = {
			isa = PBXTargetDependency;
			target = 8A6B4337225BA026004B3025 /* Login */;
			targetProxy = 8A6B4358225BA028004B3025 /* PBXContainerItemProxy */;
		};
/* End PBXTargetDependency section */

/* Begin PBXVariantGroup section */
		8A6B433F225BA026004B3025 /* Main.storyboard */ = {
			isa = PBXVariantGroup;
			children = (
				8A6B4340225BA026004B3025 /* Base */,
			);
			name = Main.storyboard;
			sourceTree = "<group>";
		};
		8A6B4344225BA028004B3025 /* LaunchScreen.storyboard */ = {
			isa = PBXVariantGroup;
			children = (
				8A6B4345225BA028004B3025 /* Base */,
			);
			name = LaunchScreen.storyboard;
			sourceTree = "<group>";
		};
/* End PBXVariantGroup section */

/* Begin XCBuildConfiguration section */
		8A6B435E225BA028004B3025 /* Debug */ = {
			isa = XCBuildConfiguration;
			buildSettings = {
				ALWAYS_SEARCH_USER_PATHS = NO;
				CLANG_ANALYZER_NONNULL = YES;
				CLANG_ANALYZER_NUMBER_OBJECT_CONVERSION = YES_AGGRESSIVE;
				CLANG_CXX_LANGUAGE_STANDARD = "gnu++14";
				CLANG_CXX_LIBRARY = "libc++";
				CLANG_ENABLE_MODULES = YES;
				CLANG_ENABLE_OBJC_ARC = YES;
				CLANG_ENABLE_OBJC_WEAK = YES;
				CLANG_WARN_BLOCK_CAPTURE_AUTORELEASING = YES;
				CLANG_WARN_BOOL_CONVERSION = YES;
				CLANG_WARN_COMMA = YES;
				CLANG_WARN_CONSTANT_CONVERSION = YES;
				CLANG_WARN_DEPRECATED_OBJC_IMPLEMENTATIONS = YES;
				CLANG_WARN_DIRECT_OBJC_ISA_USAGE = YES_ERROR;
				CLANG_WARN_DOCUMENTATION_COMMENTS = YES;
				CLANG_WARN_EMPTY_BODY = YES;
				CLANG_WARN_ENUM_CONVERSION = YES;
				CLANG_WARN_INFINITE_RECURSION = YES;
				CLANG_WARN_INT_CONVERSION = YES;
				CLANG_WARN_NON_LITERAL_NULL_CONVERSION = YES;
				CLANG_WARN_OBJC_IMPLICIT_RETAIN_SELF = YES;
				CLANG_WARN_OBJC_LITERAL_CONVERSION = YES;
				CLANG_WARN_OBJC_ROOT_CLASS = YES_ERROR;
				CLANG_WARN_RANGE_LOOP_ANALYSIS = YES;
				CLANG_WARN_STRICT_PROTOTYPES = YES;
				CLANG_WARN_SUSPICIOUS_MOVE = YES;
				CLANG_WARN_UNGUARDED_AVAILABILITY = YES_AGGRESSIVE;
				CLANG_WARN_UNREACHABLE_CODE = YES;
				CLANG_WARN__DUPLICATE_METHOD_MATCH = YES;
				CODE_SIGN_IDENTITY = "iPhone Developer";
				COPY_PHASE_STRIP = NO;
				DEBUG_INFORMATION_FORMAT = dwarf;
				ENABLE_STRICT_OBJC_MSGSEND = YES;
				ENABLE_TESTABILITY = YES;
				GCC_C_LANGUAGE_STANDARD = gnu11;
				GCC_DYNAMIC_NO_PIC = NO;
				GCC_NO_COMMON_BLOCKS = YES;
				GCC_OPTIMIZATION_LEVEL = 0;
				GCC_PREPROCESSOR_DEFINITIONS = (
					"DEBUG=1",
					"$(inherited)",
				);
				GCC_WARN_64_TO_32_BIT_CONVERSION = YES;
				GCC_WARN_ABOUT_RETURN_TYPE = YES_ERROR;
				GCC_WARN_UNDECLARED_SELECTOR = YES;
				GCC_WARN_UNINITIALIZED_AUTOS = YES_AGGRESSIVE;
				GCC_WARN_UNUSED_FUNCTION = YES;
				GCC_WARN_UNUSED_VARIABLE = YES;
				IPHONEOS_DEPLOYMENT_TARGET = 12.1;
				MTL_ENABLE_DEBUG_INFO = INCLUDE_SOURCE;
				MTL_FAST_MATH = YES;
				ONLY_ACTIVE_ARCH = YES;
				SDKROOT = iphoneos;
				SWIFT_ACTIVE_COMPILATION_CONDITIONS = DEBUG;
				SWIFT_OPTIMIZATION_LEVEL = "-Onone";
			};
			name = Debug;
		};
		8A6B435F225BA028004B3025 /* Release */ = {
			isa = XCBuildConfiguration;
			buildSettings = {
				ALWAYS_SEARCH_USER_PATHS = NO;
				CLANG_ANALYZER_NONNULL = YES;
				CLANG_ANALYZER_NUMBER_OBJECT_CONVERSION = YES_AGGRESSIVE;
				CLANG_CXX_LANGUAGE_STANDARD = "gnu++14";
				CLANG_CXX_LIBRARY = "libc++";
				CLANG_ENABLE_MODULES = YES;
				CLANG_ENABLE_OBJC_ARC = YES;
				CLANG_ENABLE_OBJC_WEAK = YES;
				CLANG_WARN_BLOCK_CAPTURE_AUTORELEASING = YES;
				CLANG_WARN_BOOL_CONVERSION = YES;
				CLANG_WARN_COMMA = YES;
				CLANG_WARN_CONSTANT_CONVERSION = YES;
				CLANG_WARN_DEPRECATED_OBJC_IMPLEMENTATIONS = YES;
				CLANG_WARN_DIRECT_OBJC_ISA_USAGE = YES_ERROR;
				CLANG_WARN_DOCUMENTATION_COMMENTS = YES;
				CLANG_WARN_EMPTY_BODY = YES;
				CLANG_WARN_ENUM_CONVERSION = YES;
				CLANG_WARN_INFINITE_RECURSION = YES;
				CLANG_WARN_INT_CONVERSION = YES;
				CLANG_WARN_NON_LITERAL_NULL_CONVERSION = YES;
				CLANG_WARN_OBJC_IMPLICIT_RETAIN_SELF = YES;
				CLANG_WARN_OBJC_LITERAL_CONVERSION = YES;
				CLANG_WARN_OBJC_ROOT_CLASS = YES_ERROR;
				CLANG_WARN_RANGE_LOOP_ANALYSIS = YES;
				CLANG_WARN_STRICT_PROTOTYPES = YES;
				CLANG_WARN_SUSPICIOUS_MOVE = YES;
				CLANG_WARN_UNGUARDED_AVAILABILITY = YES_AGGRESSIVE;
				CLANG_WARN_UNREACHABLE_CODE = YES;
				CLANG_WARN__DUPLICATE_METHOD_MATCH = YES;
				CODE_SIGN_IDENTITY = "iPhone Developer";
				COPY_PHASE_STRIP = NO;
				DEBUG_INFORMATION_FORMAT = "dwarf-with-dsym";
				ENABLE_NS_ASSERTIONS = NO;
				ENABLE_STRICT_OBJC_MSGSEND = YES;
				GCC_C_LANGUAGE_STANDARD = gnu11;
				GCC_NO_COMMON_BLOCKS = YES;
				GCC_WARN_64_TO_32_BIT_CONVERSION = YES;
				GCC_WARN_ABOUT_RETURN_TYPE = YES_ERROR;
				GCC_WARN_UNDECLARED_SELECTOR = YES;
				GCC_WARN_UNINITIALIZED_AUTOS = YES_AGGRESSIVE;
				GCC_WARN_UNUSED_FUNCTION = YES;
				GCC_WARN_UNUSED_VARIABLE = YES;
				IPHONEOS_DEPLOYMENT_TARGET = 12.1;
				MTL_ENABLE_DEBUG_INFO = NO;
				MTL_FAST_MATH = YES;
				SDKROOT = iphoneos;
				SWIFT_COMPILATION_MODE = wholemodule;
				SWIFT_OPTIMIZATION_LEVEL = "-O";
				VALIDATE_PRODUCT = YES;
			};
			name = Release;
		};
		8A6B4361225BA028004B3025 /* Debug */ = {
			isa = XCBuildConfiguration;
			buildSettings = {
				ASSETCATALOG_COMPILER_APPICON_NAME = AppIcon;
				CODE_SIGN_STYLE = Automatic;
				INFOPLIST_FILE = Login/Info.plist;
				LD_RUNPATH_SEARCH_PATHS = (
					"$(inherited)",
					"@executable_path/Frameworks",
				);
				PRODUCT_BUNDLE_IDENTIFIER = org.ssfs.Login;
				PRODUCT_NAME = "$(TARGET_NAME)";
				SWIFT_VERSION = 4.2;
				TARGETED_DEVICE_FAMILY = "1,2";
			};
			name = Debug;
		};
		8A6B4362225BA028004B3025 /* Release */ = {
			isa = XCBuildConfiguration;
			buildSettings = {
				ASSETCATALOG_COMPILER_APPICON_NAME = AppIcon;
				CODE_SIGN_STYLE = Automatic;
				INFOPLIST_FILE = Login/Info.plist;
				LD_RUNPATH_SEARCH_PATHS = (
					"$(inherited)",
					"@executable_path/Frameworks",
				);
				PRODUCT_BUNDLE_IDENTIFIER = org.ssfs.Login;
				PRODUCT_NAME = "$(TARGET_NAME)";
				SWIFT_VERSION = 4.2;
				TARGETED_DEVICE_FAMILY = "1,2";
			};
			name = Release;
		};
		8A6B4364225BA028004B3025 /* Debug */ = {
			isa = XCBuildConfiguration;
			buildSettings = {
				ALWAYS_EMBED_SWIFT_STANDARD_LIBRARIES = YES;
				BUNDLE_LOADER = "$(TEST_HOST)";
				CODE_SIGN_STYLE = Automatic;
				INFOPLIST_FILE = LoginTests/Info.plist;
				LD_RUNPATH_SEARCH_PATHS = (
					"$(inherited)",
					"@executable_path/Frameworks",
					"@loader_path/Frameworks",
				);
				PRODUCT_BUNDLE_IDENTIFIER = org.ssfs.LoginTests;
				PRODUCT_NAME = "$(TARGET_NAME)";
				SWIFT_VERSION = 4.2;
				TARGETED_DEVICE_FAMILY = "1,2";
				TEST_HOST = "$(BUILT_PRODUCTS_DIR)/Login.app/Login";
			};
			name = Debug;
		};
		8A6B4365225BA028004B3025 /* Release */ = {
			isa = XCBuildConfiguration;
			buildSettings = {
				ALWAYS_EMBED_SWIFT_STANDARD_LIBRARIES = YES;
				BUNDLE_LOADER = "$(TEST_HOST)";
				CODE_SIGN_STYLE = Automatic;
				INFOPLIST_FILE = LoginTests/Info.plist;
				LD_RUNPATH_SEARCH_PATHS = (
					"$(inherited)",
					"@executable_path/Frameworks",
					"@loader_path/Frameworks",
				);
				PRODUCT_BUNDLE_IDENTIFIER = org.ssfs.LoginTests;
				PRODUCT_NAME = "$(TARGET_NAME)";
				SWIFT_VERSION = 4.2;
				TARGETED_DEVICE_FAMILY = "1,2";
				TEST_HOST = "$(BUILT_PRODUCTS_DIR)/Login.app/Login";
			};
			name = Release;
		};
		8A6B4367225BA028004B3025 /* Debug */ = {
			isa = XCBuildConfiguration;
			buildSettings = {
				ALWAYS_EMBED_SWIFT_STANDARD_LIBRARIES = YES;
				CODE_SIGN_STYLE = Automatic;
				INFOPLIST_FILE = LoginUITests/Info.plist;
				LD_RUNPATH_SEARCH_PATHS = (
					"$(inherited)",
					"@executable_path/Frameworks",
					"@loader_path/Frameworks",
				);
				PRODUCT_BUNDLE_IDENTIFIER = org.ssfs.LoginUITests;
				PRODUCT_NAME = "$(TARGET_NAME)";
				SWIFT_VERSION = 4.2;
				TARGETED_DEVICE_FAMILY = "1,2";
				TEST_TARGET_NAME = Login;
			};
			name = Debug;
		};
		8A6B4368225BA028004B3025 /* Release */ = {
			isa = XCBuildConfiguration;
			buildSettings = {
				ALWAYS_EMBED_SWIFT_STANDARD_LIBRARIES = YES;
				CODE_SIGN_STYLE = Automatic;
				INFOPLIST_FILE = LoginUITests/Info.plist;
				LD_RUNPATH_SEARCH_PATHS = (
					"$(inherited)",
					"@executable_path/Frameworks",
					"@loader_path/Frameworks",
				);
				PRODUCT_BUNDLE_IDENTIFIER = org.ssfs.LoginUITests;
				PRODUCT_NAME = "$(TARGET_NAME)";
				SWIFT_VERSION = 4.2;
				TARGETED_DEVICE_FAMILY = "1,2";
				TEST_TARGET_NAME = Login;
			};
			name = Release;
		};
/* End XCBuildConfiguration section */

/* Begin XCConfigurationList section */
		8A6B4333225BA026004B3025 /* Build configuration list for PBXProject "Login" */ = {
			isa = XCConfigurationList;
			buildConfigurations = (
				8A6B435E225BA028004B3025 /* Debug */,
				8A6B435F225BA028004B3025 /* Release */,
			);
			defaultConfigurationIsVisible = 0;
			defaultConfigurationName = Release;
		};
		8A6B4360225BA028004B3025 /* Build configuration list for PBXNativeTarget "Login" */ = {
			isa = XCConfigurationList;
			buildConfigurations = (
				8A6B4361225BA028004B3025 /* Debug */,
				8A6B4362225BA028004B3025 /* Release */,
			);
			defaultConfigurationIsVisible = 0;
			defaultConfigurationName = Release;
		};
		8A6B4363225BA028004B3025 /* Build configuration list for PBXNativeTarget "LoginTests" */ = {
			isa = XCConfigurationList;
			buildConfigurations = (
				8A6B4364225BA028004B3025 /* Debug */,
				8A6B4365225BA028004B3025 /* Release */,
			);
			defaultConfigurationIsVisible = 0;
			defaultConfigurationName = Release;
		};
		8A6B4366225BA028004B3025 /* Build configuration list for PBXNativeTarget "LoginUITests" */ = {
			isa = XCConfigurationList;
			buildConfigurations = (
				8A6B4367225BA028004B3025 /* Debug */,
				8A6B4368225BA028004B3025 /* Release */,
			);
			defaultConfigurationIsVisible = 0;
			defaultConfigurationName = Release;
		};
/* End XCConfigurationList section */
	};
	rootObject = 8A6B4330225BA026004B3025 /* Project object */;
}
