// !$*UTF8*$!
{
	archiveVersion = 1;
	classes = {
	};
	objectVersion = 50;
	objects = {

/* Begin PBXBuildFile section */
		8ABAE6C92232B13500EC520E /* AppDelegate.swift in Sources */ = {isa = PBXBuildFile; fileRef = 8ABAE6C82232B13500EC520E /* AppDelegate.swift */; };
		8ABAE6CB2232B13500EC520E /* ViewController.swift in Sources */ = {isa = PBXBuildFile; fileRef = 8ABAE6CA2232B13500EC520E /* ViewController.swift */; };
		8ABAE6CE2232B13500EC520E /* Main.storyboard in Resources */ = {isa = PBXBuildFile; fileRef = 8ABAE6CC2232B13500EC520E /* Main.storyboard */; };
		8ABAE6D02232B13700EC520E /* Assets.xcassets in Resources */ = {isa = PBXBuildFile; fileRef = 8ABAE6CF2232B13700EC520E /* Assets.xcassets */; };
		8ABAE6D32232B13700EC520E /* LaunchScreen.storyboard in Resources */ = {isa = PBXBuildFile; fileRef = 8ABAE6D12232B13700EC520E /* LaunchScreen.storyboard */; };
		8ABAE6DE2232B13700EC520E /* CalculatorTests.swift in Sources */ = {isa = PBXBuildFile; fileRef = 8ABAE6DD2232B13700EC520E /* CalculatorTests.swift */; };
		8ABAE6E92232B13700EC520E /* CalculatorUITests.swift in Sources */ = {isa = PBXBuildFile; fileRef = 8ABAE6E82232B13700EC520E /* CalculatorUITests.swift */; };
/* End PBXBuildFile section */

/* Begin PBXContainerItemProxy section */
		8ABAE6DA2232B13700EC520E /* PBXContainerItemProxy */ = {
			isa = PBXContainerItemProxy;
			containerPortal = 8ABAE6BD2232B13500EC520E /* Project object */;
			proxyType = 1;
			remoteGlobalIDString = 8ABAE6C42232B13500EC520E;
			remoteInfo = Calculator;
		};
		8ABAE6E52232B13700EC520E /* PBXContainerItemProxy */ = {
			isa = PBXContainerItemProxy;
			containerPortal = 8ABAE6BD2232B13500EC520E /* Project object */;
			proxyType = 1;
			remoteGlobalIDString = 8ABAE6C42232B13500EC520E;
			remoteInfo = Calculator;
		};
/* End PBXContainerItemProxy section */

/* Begin PBXFileReference section */
		8ABAE6C52232B13500EC520E /* Calculator.app */ = {isa = PBXFileReference; explicitFileType = wrapper.application; includeInIndex = 0; path = Calculator.app; sourceTree = BUILT_PRODUCTS_DIR; };
		8ABAE6C82232B13500EC520E /* AppDelegate.swift */ = {isa = PBXFileReference; lastKnownFileType = sourcecode.swift; path = AppDelegate.swift; sourceTree = "<group>"; };
		8ABAE6CA2232B13500EC520E /* ViewController.swift */ = {isa = PBXFileReference; lastKnownFileType = sourcecode.swift; path = ViewController.swift; sourceTree = "<group>"; };
		8ABAE6CD2232B13500EC520E /* Base */ = {isa = PBXFileReference; lastKnownFileType = file.storyboard; name = Base; path = Base.lproj/Main.storyboard; sourceTree = "<group>"; };
		8ABAE6CF2232B13700EC520E /* Assets.xcassets */ = {isa = PBXFileReference; lastKnownFileType = folder.assetcatalog; path = Assets.xcassets; sourceTree = "<group>"; };
		8ABAE6D22232B13700EC520E /* Base */ = {isa = PBXFileReference; lastKnownFileType = file.storyboard; name = Base; path = Base.lproj/LaunchScreen.storyboard; sourceTree = "<group>"; };
		8ABAE6D42232B13700EC520E /* Info.plist */ = {isa = PBXFileReference; lastKnownFileType = text.plist.xml; path = Info.plist; sourceTree = "<group>"; };
		8ABAE6D92232B13700EC520E /* CalculatorTests.xctest */ = {isa = PBXFileReference; explicitFileType = wrapper.cfbundle; includeInIndex = 0; path = CalculatorTests.xctest; sourceTree = BUILT_PRODUCTS_DIR; };
		8ABAE6DD2232B13700EC520E /* CalculatorTests.swift */ = {isa = PBXFileReference; lastKnownFileType = sourcecode.swift; path = CalculatorTests.swift; sourceTree = "<group>"; };
		8ABAE6DF2232B13700EC520E /* Info.plist */ = {isa = PBXFileReference; lastKnownFileType = text.plist.xml; path = Info.plist; sourceTree = "<group>"; };
		8ABAE6E42232B13700EC520E /* CalculatorUITests.xctest */ = {isa = PBXFileReference; explicitFileType = wrapper.cfbundle; includeInIndex = 0; path = CalculatorUITests.xctest; sourceTree = BUILT_PRODUCTS_DIR; };
		8ABAE6E82232B13700EC520E /* CalculatorUITests.swift */ = {isa = PBXFileReference; lastKnownFileType = sourcecode.swift; path = CalculatorUITests.swift; sourceTree = "<group>"; };
		8ABAE6EA2232B13700EC520E /* Info.plist */ = {isa = PBXFileReference; lastKnownFileType = text.plist.xml; path = Info.plist; sourceTree = "<group>"; };
/* End PBXFileReference section */

/* Begin PBXFrameworksBuildPhase section */
		8ABAE6C22232B13500EC520E /* Frameworks */ = {
			isa = PBXFrameworksBuildPhase;
			buildActionMask = 2147483647;
			files = (
			);
			runOnlyForDeploymentPostprocessing = 0;
		};
		8ABAE6D62232B13700EC520E /* Frameworks */ = {
			isa = PBXFrameworksBuildPhase;
			buildActionMask = 2147483647;
			files = (
			);
			runOnlyForDeploymentPostprocessing = 0;
		};
		8ABAE6E12232B13700EC520E /* Frameworks */ = {
			isa = PBXFrameworksBuildPhase;
			buildActionMask = 2147483647;
			files = (
			);
			runOnlyForDeploymentPostprocessing = 0;
		};
/* End PBXFrameworksBuildPhase section */

/* Begin PBXGroup section */
		8ABAE6BC2232B13500EC520E = {
			isa = PBXGroup;
			children = (
				8ABAE6C72232B13500EC520E /* Calculator */,
				8ABAE6DC2232B13700EC520E /* CalculatorTests */,
				8ABAE6E72232B13700EC520E /* CalculatorUITests */,
				8ABAE6C62232B13500EC520E /* Products */,
			);
			sourceTree = "<group>";
		};
		8ABAE6C62232B13500EC520E /* Products */ = {
			isa = PBXGroup;
			children = (
				8ABAE6C52232B13500EC520E /* Calculator.app */,
				8ABAE6D92232B13700EC520E /* CalculatorTests.xctest */,
				8ABAE6E42232B13700EC520E /* CalculatorUITests.xctest */,
			);
			name = Products;
			sourceTree = "<group>";
		};
		8ABAE6C72232B13500EC520E /* Calculator */ = {
			isa = PBXGroup;
			children = (
				8ABAE6C82232B13500EC520E /* AppDelegate.swift */,
				8ABAE6CA2232B13500EC520E /* ViewController.swift */,
				8ABAE6CC2232B13500EC520E /* Main.storyboard */,
				8ABAE6CF2232B13700EC520E /* Assets.xcassets */,
				8ABAE6D12232B13700EC520E /* LaunchScreen.storyboard */,
				8ABAE6D42232B13700EC520E /* Info.plist */,
			);
			path = Calculator;
			sourceTree = "<group>";
		};
		8ABAE6DC2232B13700EC520E /* CalculatorTests */ = {
			isa = PBXGroup;
			children = (
				8ABAE6DD2232B13700EC520E /* CalculatorTests.swift */,
				8ABAE6DF2232B13700EC520E /* Info.plist */,
			);
			path = CalculatorTests;
			sourceTree = "<group>";
		};
		8ABAE6E72232B13700EC520E /* CalculatorUITests */ = {
			isa = PBXGroup;
			children = (
				8ABAE6E82232B13700EC520E /* CalculatorUITests.swift */,
				8ABAE6EA2232B13700EC520E /* Info.plist */,
			);
			path = CalculatorUITests;
			sourceTree = "<group>";
		};
/* End PBXGroup section */

/* Begin PBXNativeTarget section */
		8ABAE6C42232B13500EC520E /* Calculator */ = {
			isa = PBXNativeTarget;
			buildConfigurationList = 8ABAE6ED2232B13700EC520E /* Build configuration list for PBXNativeTarget "Calculator" */;
			buildPhases = (
				8ABAE6C12232B13500EC520E /* Sources */,
				8ABAE6C22232B13500EC520E /* Frameworks */,
				8ABAE6C32232B13500EC520E /* Resources */,
			);
			buildRules = (
			);
			dependencies = (
			);
			name = Calculator;
			productName = Calculator;
			productReference = 8ABAE6C52232B13500EC520E /* Calculator.app */;
			productType = "com.apple.product-type.application";
		};
		8ABAE6D82232B13700EC520E /* CalculatorTests */ = {
			isa = PBXNativeTarget;
			buildConfigurationList = 8ABAE6F02232B13700EC520E /* Build configuration list for PBXNativeTarget "CalculatorTests" */;
			buildPhases = (
				8ABAE6D52232B13700EC520E /* Sources */,
				8ABAE6D62232B13700EC520E /* Frameworks */,
				8ABAE6D72232B13700EC520E /* Resources */,
			);
			buildRules = (
			);
			dependencies = (
				8ABAE6DB2232B13700EC520E /* PBXTargetDependency */,
			);
			name = CalculatorTests;
			productName = CalculatorTests;
			productReference = 8ABAE6D92232B13700EC520E /* CalculatorTests.xctest */;
			productType = "com.apple.product-type.bundle.unit-test";
		};
		8ABAE6E32232B13700EC520E /* CalculatorUITests */ = {
			isa = PBXNativeTarget;
			buildConfigurationList = 8ABAE6F32232B13700EC520E /* Build configuration list for PBXNativeTarget "CalculatorUITests" */;
			buildPhases = (
				8ABAE6E02232B13700EC520E /* Sources */,
				8ABAE6E12232B13700EC520E /* Frameworks */,
				8ABAE6E22232B13700EC520E /* Resources */,
			);
			buildRules = (
			);
			dependencies = (
				8ABAE6E62232B13700EC520E /* PBXTargetDependency */,
			);
			name = CalculatorUITests;
			productName = CalculatorUITests;
			productReference = 8ABAE6E42232B13700EC520E /* CalculatorUITests.xctest */;
			productType = "com.apple.product-type.bundle.ui-testing";
		};
/* End PBXNativeTarget section */

/* Begin PBXProject section */
		8ABAE6BD2232B13500EC520E /* Project object */ = {
			isa = PBXProject;
			attributes = {
				LastSwiftUpdateCheck = 1010;
				LastUpgradeCheck = 1010;
				ORGANIZATIONNAME = Lliam;
				TargetAttributes = {
					8ABAE6C42232B13500EC520E = {
						CreatedOnToolsVersion = 10.1;
					};
					8ABAE6D82232B13700EC520E = {
						CreatedOnToolsVersion = 10.1;
						TestTargetID = 8ABAE6C42232B13500EC520E;
					};
					8ABAE6E32232B13700EC520E = {
						CreatedOnToolsVersion = 10.1;
						TestTargetID = 8ABAE6C42232B13500EC520E;
					};
				};
			};
			buildConfigurationList = 8ABAE6C02232B13500EC520E /* Build configuration list for PBXProject "Calculator" */;
			compatibilityVersion = "Xcode 9.3";
			developmentRegion = en;
			hasScannedForEncodings = 0;
			knownRegions = (
				en,
				Base,
			);
			mainGroup = 8ABAE6BC2232B13500EC520E;
			productRefGroup = 8ABAE6C62232B13500EC520E /* Products */;
			projectDirPath = "";
			projectRoot = "";
			targets = (
				8ABAE6C42232B13500EC520E /* Calculator */,
				8ABAE6D82232B13700EC520E /* CalculatorTests */,
				8ABAE6E32232B13700EC520E /* CalculatorUITests */,
			);
		};
/* End PBXProject section */

/* Begin PBXResourcesBuildPhase section */
		8ABAE6C32232B13500EC520E /* Resources */ = {
			isa = PBXResourcesBuildPhase;
			buildActionMask = 2147483647;
			files = (
				8ABAE6D32232B13700EC520E /* LaunchScreen.storyboard in Resources */,
				8ABAE6D02232B13700EC520E /* Assets.xcassets in Resources */,
				8ABAE6CE2232B13500EC520E /* Main.storyboard in Resources */,
			);
			runOnlyForDeploymentPostprocessing = 0;
		};
		8ABAE6D72232B13700EC520E /* Resources */ = {
			isa = PBXResourcesBuildPhase;
			buildActionMask = 2147483647;
			files = (
			);
			runOnlyForDeploymentPostprocessing = 0;
		};
		8ABAE6E22232B13700EC520E /* Resources */ = {
			isa = PBXResourcesBuildPhase;
			buildActionMask = 2147483647;
			files = (
			);
			runOnlyForDeploymentPostprocessing = 0;
		};
/* End PBXResourcesBuildPhase section */

/* Begin PBXSourcesBuildPhase section */
		8ABAE6C12232B13500EC520E /* Sources */ = {
			isa = PBXSourcesBuildPhase;
			buildActionMask = 2147483647;
			files = (
				8ABAE6CB2232B13500EC520E /* ViewController.swift in Sources */,
				8ABAE6C92232B13500EC520E /* AppDelegate.swift in Sources */,
			);
			runOnlyForDeploymentPostprocessing = 0;
		};
		8ABAE6D52232B13700EC520E /* Sources */ = {
			isa = PBXSourcesBuildPhase;
			buildActionMask = 2147483647;
			files = (
				8ABAE6DE2232B13700EC520E /* CalculatorTests.swift in Sources */,
			);
			runOnlyForDeploymentPostprocessing = 0;
		};
		8ABAE6E02232B13700EC520E /* Sources */ = {
			isa = PBXSourcesBuildPhase;
			buildActionMask = 2147483647;
			files = (
				8ABAE6E92232B13700EC520E /* CalculatorUITests.swift in Sources */,
			);
			runOnlyForDeploymentPostprocessing = 0;
		};
/* End PBXSourcesBuildPhase section */

/* Begin PBXTargetDependency section */
		8ABAE6DB2232B13700EC520E /* PBXTargetDependency */ = {
			isa = PBXTargetDependency;
			target = 8ABAE6C42232B13500EC520E /* Calculator */;
			targetProxy = 8ABAE6DA2232B13700EC520E /* PBXContainerItemProxy */;
		};
		8ABAE6E62232B13700EC520E /* PBXTargetDependency */ = {
			isa = PBXTargetDependency;
			target = 8ABAE6C42232B13500EC520E /* Calculator */;
			targetProxy = 8ABAE6E52232B13700EC520E /* PBXContainerItemProxy */;
		};
/* End PBXTargetDependency section */

/* Begin PBXVariantGroup section */
		8ABAE6CC2232B13500EC520E /* Main.storyboard */ = {
			isa = PBXVariantGroup;
			children = (
				8ABAE6CD2232B13500EC520E /* Base */,
			);
			name = Main.storyboard;
			sourceTree = "<group>";
		};
		8ABAE6D12232B13700EC520E /* LaunchScreen.storyboard */ = {
			isa = PBXVariantGroup;
			children = (
				8ABAE6D22232B13700EC520E /* Base */,
			);
			name = LaunchScreen.storyboard;
			sourceTree = "<group>";
		};
/* End PBXVariantGroup section */

/* Begin XCBuildConfiguration section */
		8ABAE6EB2232B13700EC520E /* Debug */ = {
			isa = XCBuildConfiguration;
			buildSettings = {
				ALWAYS_SEARCH_USER_PATHS = NO;
				CLANG_ANALYZER_NONNULL = YES;
				CLANG_ANALYZER_NUMBER_OBJECT_CONVERSION = YES_AGGRESSIVE;
				CLANG_CXX_LANGUAGE_STANDARD = "gnu++14";
				CLANG_CXX_LIBRARY = "libc++";
				CLANG_ENABLE_MODULES = YES;
				CLANG_ENABLE_OBJC_ARC = YES;
				CLANG_ENABLE_OBJC_WEAK = YES;
				CLANG_WARN_BLOCK_CAPTURE_AUTORELEASING = YES;
				CLANG_WARN_BOOL_CONVERSION = YES;
				CLANG_WARN_COMMA = YES;
				CLANG_WARN_CONSTANT_CONVERSION = YES;
				CLANG_WARN_DEPRECATED_OBJC_IMPLEMENTATIONS = YES;
				CLANG_WARN_DIRECT_OBJC_ISA_USAGE = YES_ERROR;
				CLANG_WARN_DOCUMENTATION_COMMENTS = YES;
				CLANG_WARN_EMPTY_BODY = YES;
				CLANG_WARN_ENUM_CONVERSION = YES;
				CLANG_WARN_INFINITE_RECURSION = YES;
				CLANG_WARN_INT_CONVERSION = YES;
				CLANG_WARN_NON_LITERAL_NULL_CONVERSION = YES;
				CLANG_WARN_OBJC_IMPLICIT_RETAIN_SELF = YES;
				CLANG_WARN_OBJC_LITERAL_CONVERSION = YES;
				CLANG_WARN_OBJC_ROOT_CLASS = YES_ERROR;
				CLANG_WARN_RANGE_LOOP_ANALYSIS = YES;
				CLANG_WARN_STRICT_PROTOTYPES = YES;
				CLANG_WARN_SUSPICIOUS_MOVE = YES;
				CLANG_WARN_UNGUARDED_AVAILABILITY = YES_AGGRESSIVE;
				CLANG_WARN_UNREACHABLE_CODE = YES;
				CLANG_WARN__DUPLICATE_METHOD_MATCH = YES;
				CODE_SIGN_IDENTITY = "iPhone Developer";
				COPY_PHASE_STRIP = NO;
				DEBUG_INFORMATION_FORMAT = dwarf;
				ENABLE_STRICT_OBJC_MSGSEND = YES;
				ENABLE_TESTABILITY = YES;
				GCC_C_LANGUAGE_STANDARD = gnu11;
				GCC_DYNAMIC_NO_PIC = NO;
				GCC_NO_COMMON_BLOCKS = YES;
				GCC_OPTIMIZATION_LEVEL = 0;
				GCC_PREPROCESSOR_DEFINITIONS = (
					"DEBUG=1",
					"$(inherited)",
				);
				GCC_WARN_64_TO_32_BIT_CONVERSION = YES;
				GCC_WARN_ABOUT_RETURN_TYPE = YES_ERROR;
				GCC_WARN_UNDECLARED_SELECTOR = YES;
				GCC_WARN_UNINITIALIZED_AUTOS = YES_AGGRESSIVE;
				GCC_WARN_UNUSED_FUNCTION = YES;
				GCC_WARN_UNUSED_VARIABLE = YES;
				IPHONEOS_DEPLOYMENT_TARGET = 12.1;
				MTL_ENABLE_DEBUG_INFO = INCLUDE_SOURCE;
				MTL_FAST_MATH = YES;
				ONLY_ACTIVE_ARCH = YES;
				SDKROOT = iphoneos;
				SWIFT_ACTIVE_COMPILATION_CONDITIONS = DEBUG;
				SWIFT_OPTIMIZATION_LEVEL = "-Onone";
			};
			name = Debug;
		};
		8ABAE6EC2232B13700EC520E /* Release */ = {
			isa = XCBuildConfiguration;
			buildSettings = {
				ALWAYS_SEARCH_USER_PATHS = NO;
				CLANG_ANALYZER_NONNULL = YES;
				CLANG_ANALYZER_NUMBER_OBJECT_CONVERSION = YES_AGGRESSIVE;
				CLANG_CXX_LANGUAGE_STANDARD = "gnu++14";
				CLANG_CXX_LIBRARY = "libc++";
				CLANG_ENABLE_MODULES = YES;
				CLANG_ENABLE_OBJC_ARC = YES;
				CLANG_ENABLE_OBJC_WEAK = YES;
				CLANG_WARN_BLOCK_CAPTURE_AUTORELEASING = YES;
				CLANG_WARN_BOOL_CONVERSION = YES;
				CLANG_WARN_COMMA = YES;
				CLANG_WARN_CONSTANT_CONVERSION = YES;
				CLANG_WARN_DEPRECATED_OBJC_IMPLEMENTATIONS = YES;
				CLANG_WARN_DIRECT_OBJC_ISA_USAGE = YES_ERROR;
				CLANG_WARN_DOCUMENTATION_COMMENTS = YES;
				CLANG_WARN_EMPTY_BODY = YES;
				CLANG_WARN_ENUM_CONVERSION = YES;
				CLANG_WARN_INFINITE_RECURSION = YES;
				CLANG_WARN_INT_CONVERSION = YES;
				CLANG_WARN_NON_LITERAL_NULL_CONVERSION = YES;
				CLANG_WARN_OBJC_IMPLICIT_RETAIN_SELF = YES;
				CLANG_WARN_OBJC_LITERAL_CONVERSION = YES;
				CLANG_WARN_OBJC_ROOT_CLASS = YES_ERROR;
				CLANG_WARN_RANGE_LOOP_ANALYSIS = YES;
				CLANG_WARN_STRICT_PROTOTYPES = YES;
				CLANG_WARN_SUSPICIOUS_MOVE = YES;
				CLANG_WARN_UNGUARDED_AVAILABILITY = YES_AGGRESSIVE;
				CLANG_WARN_UNREACHABLE_CODE = YES;
				CLANG_WARN__DUPLICATE_METHOD_MATCH = YES;
				CODE_SIGN_IDENTITY = "iPhone Developer";
				COPY_PHASE_STRIP = NO;
				DEBUG_INFORMATION_FORMAT = "dwarf-with-dsym";
				ENABLE_NS_ASSERTIONS = NO;
				ENABLE_STRICT_OBJC_MSGSEND = YES;
				GCC_C_LANGUAGE_STANDARD = gnu11;
				GCC_NO_COMMON_BLOCKS = YES;
				GCC_WARN_64_TO_32_BIT_CONVERSION = YES;
				GCC_WARN_ABOUT_RETURN_TYPE = YES_ERROR;
				GCC_WARN_UNDECLARED_SELECTOR = YES;
				GCC_WARN_UNINITIALIZED_AUTOS = YES_AGGRESSIVE;
				GCC_WARN_UNUSED_FUNCTION = YES;
				GCC_WARN_UNUSED_VARIABLE = YES;
				IPHONEOS_DEPLOYMENT_TARGET = 12.1;
				MTL_ENABLE_DEBUG_INFO = NO;
				MTL_FAST_MATH = YES;
				SDKROOT = iphoneos;
				SWIFT_COMPILATION_MODE = wholemodule;
				SWIFT_OPTIMIZATION_LEVEL = "-O";
				VALIDATE_PRODUCT = YES;
			};
			name = Release;
		};
		8ABAE6EE2232B13700EC520E /* Debug */ = {
			isa = XCBuildConfiguration;
			buildSettings = {
				ASSETCATALOG_COMPILER_APPICON_NAME = AppIcon;
				CODE_SIGN_STYLE = Automatic;
				INFOPLIST_FILE = Calculator/Info.plist;
				LD_RUNPATH_SEARCH_PATHS = (
					"$(inherited)",
					"@executable_path/Frameworks",
				);
				PRODUCT_BUNDLE_IDENTIFIER = org.ssfs.Calculator;
				PRODUCT_NAME = "$(TARGET_NAME)";
				SWIFT_VERSION = 4.2;
				TARGETED_DEVICE_FAMILY = "1,2";
			};
			name = Debug;
		};
		8ABAE6EF2232B13700EC520E /* Release */ = {
			isa = XCBuildConfiguration;
			buildSettings = {
				ASSETCATALOG_COMPILER_APPICON_NAME = AppIcon;
				CODE_SIGN_STYLE = Automatic;
				INFOPLIST_FILE = Calculator/Info.plist;
				LD_RUNPATH_SEARCH_PATHS = (
					"$(inherited)",
					"@executable_path/Frameworks",
				);
				PRODUCT_BUNDLE_IDENTIFIER = org.ssfs.Calculator;
				PRODUCT_NAME = "$(TARGET_NAME)";
				SWIFT_VERSION = 4.2;
				TARGETED_DEVICE_FAMILY = "1,2";
			};
			name = Release;
		};
		8ABAE6F12232B13700EC520E /* Debug */ = {
			isa = XCBuildConfiguration;
			buildSettings = {
				ALWAYS_EMBED_SWIFT_STANDARD_LIBRARIES = YES;
				BUNDLE_LOADER = "$(TEST_HOST)";
				CODE_SIGN_STYLE = Automatic;
				INFOPLIST_FILE = CalculatorTests/Info.plist;
				LD_RUNPATH_SEARCH_PATHS = (
					"$(inherited)",
					"@executable_path/Frameworks",
					"@loader_path/Frameworks",
				);
				PRODUCT_BUNDLE_IDENTIFIER = org.ssfs.CalculatorTests;
				PRODUCT_NAME = "$(TARGET_NAME)";
				SWIFT_VERSION = 4.2;
				TARGETED_DEVICE_FAMILY = "1,2";
				TEST_HOST = "$(BUILT_PRODUCTS_DIR)/Calculator.app/Calculator";
			};
			name = Debug;
		};
		8ABAE6F22232B13700EC520E /* Release */ = {
			isa = XCBuildConfiguration;
			buildSettings = {
				ALWAYS_EMBED_SWIFT_STANDARD_LIBRARIES = YES;
				BUNDLE_LOADER = "$(TEST_HOST)";
				CODE_SIGN_STYLE = Automatic;
				INFOPLIST_FILE = CalculatorTests/Info.plist;
				LD_RUNPATH_SEARCH_PATHS = (
					"$(inherited)",
					"@executable_path/Frameworks",
					"@loader_path/Frameworks",
				);
				PRODUCT_BUNDLE_IDENTIFIER = org.ssfs.CalculatorTests;
				PRODUCT_NAME = "$(TARGET_NAME)";
				SWIFT_VERSION = 4.2;
				TARGETED_DEVICE_FAMILY = "1,2";
				TEST_HOST = "$(BUILT_PRODUCTS_DIR)/Calculator.app/Calculator";
			};
			name = Release;
		};
		8ABAE6F42232B13700EC520E /* Debug */ = {
			isa = XCBuildConfiguration;
			buildSettings = {
				ALWAYS_EMBED_SWIFT_STANDARD_LIBRARIES = YES;
				CODE_SIGN_STYLE = Automatic;
				INFOPLIST_FILE = CalculatorUITests/Info.plist;
				LD_RUNPATH_SEARCH_PATHS = (
					"$(inherited)",
					"@executable_path/Frameworks",
					"@loader_path/Frameworks",
				);
				PRODUCT_BUNDLE_IDENTIFIER = org.ssfs.CalculatorUITests;
				PRODUCT_NAME = "$(TARGET_NAME)";
				SWIFT_VERSION = 4.2;
				TARGETED_DEVICE_FAMILY = "1,2";
				TEST_TARGET_NAME = Calculator;
			};
			name = Debug;
		};
		8ABAE6F52232B13700EC520E /* Release */ = {
			isa = XCBuildConfiguration;
			buildSettings = {
				ALWAYS_EMBED_SWIFT_STANDARD_LIBRARIES = YES;
				CODE_SIGN_STYLE = Automatic;
				INFOPLIST_FILE = CalculatorUITests/Info.plist;
				LD_RUNPATH_SEARCH_PATHS = (
					"$(inherited)",
					"@executable_path/Frameworks",
					"@loader_path/Frameworks",
				);
				PRODUCT_BUNDLE_IDENTIFIER = org.ssfs.CalculatorUITests;
				PRODUCT_NAME = "$(TARGET_NAME)";
				SWIFT_VERSION = 4.2;
				TARGETED_DEVICE_FAMILY = "1,2";
				TEST_TARGET_NAME = Calculator;
			};
			name = Release;
		};
/* End XCBuildConfiguration section */

/* Begin XCConfigurationList section */
		8ABAE6C02232B13500EC520E /* Build configuration list for PBXProject "Calculator" */ = {
			isa = XCConfigurationList;
			buildConfigurations = (
				8ABAE6EB2232B13700EC520E /* Debug */,
				8ABAE6EC2232B13700EC520E /* Release */,
			);
			defaultConfigurationIsVisible = 0;
			defaultConfigurationName = Release;
		};
		8ABAE6ED2232B13700EC520E /* Build configuration list for PBXNativeTarget "Calculator" */ = {
			isa = XCConfigurationList;
			buildConfigurations = (
				8ABAE6EE2232B13700EC520E /* Debug */,
				8ABAE6EF2232B13700EC520E /* Release */,
			);
			defaultConfigurationIsVisible = 0;
			defaultConfigurationName = Release;
		};
		8ABAE6F02232B13700EC520E /* Build configuration list for PBXNativeTarget "CalculatorTests" */ = {
			isa = XCConfigurationList;
			buildConfigurations = (
				8ABAE6F12232B13700EC520E /* Debug */,
				8ABAE6F22232B13700EC520E /* Release */,
			);
			defaultConfigurationIsVisible = 0;
			defaultConfigurationName = Release;
		};
		8ABAE6F32232B13700EC520E /* Build configuration list for PBXNativeTarget "CalculatorUITests" */ = {
			isa = XCConfigurationList;
			buildConfigurations = (
				8ABAE6F42232B13700EC520E /* Debug */,
				8ABAE6F52232B13700EC520E /* Release */,
			);
			defaultConfigurationIsVisible = 0;
			defaultConfigurationName = Release;
		};
/* End XCConfigurationList section */
	};
	rootObject = 8ABAE6BD2232B13500EC520E /* Project object */;
}
