// !$*UTF8*$!
{
	archiveVersion = 1;
	classes = {
	};
	objectVersion = 50;
	objects = {

/* Begin PBXBuildFile section */
		8AE328AF2211F662002B1658 /* AppDelegate.swift in Sources */ = {isa = PBXBuildFile; fileRef = 8AE328AE2211F662002B1658 /* AppDelegate.swift */; };
		8AE328B12211F662002B1658 /* ViewController.swift in Sources */ = {isa = PBXBuildFile; fileRef = 8AE328B02211F662002B1658 /* ViewController.swift */; };
		8AE328B42211F662002B1658 /* Main.storyboard in Resources */ = {isa = PBXBuildFile; fileRef = 8AE328B22211F662002B1658 /* Main.storyboard */; };
		8AE328B62211F663002B1658 /* Assets.xcassets in Resources */ = {isa = PBXBuildFile; fileRef = 8AE328B52211F663002B1658 /* Assets.xcassets */; };
		8AE328B92211F663002B1658 /* LaunchScreen.storyboard in Resources */ = {isa = PBXBuildFile; fileRef = 8AE328B72211F663002B1658 /* LaunchScreen.storyboard */; };
		8AE328C42211F663002B1658 /* Interface_builder_basicsTests.swift in Sources */ = {isa = PBXBuildFile; fileRef = 8AE328C32211F663002B1658 /* Interface_builder_basicsTests.swift */; };
		8AE328CF2211F663002B1658 /* Interface_builder_basicsUITests.swift in Sources */ = {isa = PBXBuildFile; fileRef = 8AE328CE2211F663002B1658 /* Interface_builder_basicsUITests.swift */; };
/* End PBXBuildFile section */

/* Begin PBXContainerItemProxy section */
		8AE328C02211F663002B1658 /* PBXContainerItemProxy */ = {
			isa = PBXContainerItemProxy;
			containerPortal = 8AE328A32211F662002B1658 /* Project object */;
			proxyType = 1;
			remoteGlobalIDString = 8AE328AA2211F662002B1658;
			remoteInfo = "Interface builder basics";
		};
		8AE328CB2211F663002B1658 /* PBXContainerItemProxy */ = {
			isa = PBXContainerItemProxy;
			containerPortal = 8AE328A32211F662002B1658 /* Project object */;
			proxyType = 1;
			remoteGlobalIDString = 8AE328AA2211F662002B1658;
			remoteInfo = "Interface builder basics";
		};
/* End PBXContainerItemProxy section */

/* Begin PBXFileReference section */
		8AE328AB2211F662002B1658 /* Interface builder basics.app */ = {isa = PBXFileReference; explicitFileType = wrapper.application; includeInIndex = 0; path = "Interface builder basics.app"; sourceTree = BUILT_PRODUCTS_DIR; };
		8AE328AE2211F662002B1658 /* AppDelegate.swift */ = {isa = PBXFileReference; lastKnownFileType = sourcecode.swift; path = AppDelegate.swift; sourceTree = "<group>"; };
		8AE328B02211F662002B1658 /* ViewController.swift */ = {isa = PBXFileReference; lastKnownFileType = sourcecode.swift; path = ViewController.swift; sourceTree = "<group>"; };
		8AE328B32211F662002B1658 /* Base */ = {isa = PBXFileReference; lastKnownFileType = file.storyboard; name = Base; path = Base.lproj/Main.storyboard; sourceTree = "<group>"; };
		8AE328B52211F663002B1658 /* Assets.xcassets */ = {isa = PBXFileReference; lastKnownFileType = folder.assetcatalog; path = Assets.xcassets; sourceTree = "<group>"; };
		8AE328B82211F663002B1658 /* Base */ = {isa = PBXFileReference; lastKnownFileType = file.storyboard; name = Base; path = Base.lproj/LaunchScreen.storyboard; sourceTree = "<group>"; };
		8AE328BA2211F663002B1658 /* Info.plist */ = {isa = PBXFileReference; lastKnownFileType = text.plist.xml; path = Info.plist; sourceTree = "<group>"; };
		8AE328BF2211F663002B1658 /* Interface builder basicsTests.xctest */ = {isa = PBXFileReference; explicitFileType = wrapper.cfbundle; includeInIndex = 0; path = "Interface builder basicsTests.xctest"; sourceTree = BUILT_PRODUCTS_DIR; };
		8AE328C32211F663002B1658 /* Interface_builder_basicsTests.swift */ = {isa = PBXFileReference; lastKnownFileType = sourcecode.swift; path = Interface_builder_basicsTests.swift; sourceTree = "<group>"; };
		8AE328C52211F663002B1658 /* Info.plist */ = {isa = PBXFileReference; lastKnownFileType = text.plist.xml; path = Info.plist; sourceTree = "<group>"; };
		8AE328CA2211F663002B1658 /* Interface builder basicsUITests.xctest */ = {isa = PBXFileReference; explicitFileType = wrapper.cfbundle; includeInIndex = 0; path = "Interface builder basicsUITests.xctest"; sourceTree = BUILT_PRODUCTS_DIR; };
		8AE328CE2211F663002B1658 /* Interface_builder_basicsUITests.swift */ = {isa = PBXFileReference; lastKnownFileType = sourcecode.swift; path = Interface_builder_basicsUITests.swift; sourceTree = "<group>"; };
		8AE328D02211F663002B1658 /* Info.plist */ = {isa = PBXFileReference; lastKnownFileType = text.plist.xml; path = Info.plist; sourceTree = "<group>"; };
/* End PBXFileReference section */

/* Begin PBXFrameworksBuildPhase section */
		8AE328A82211F662002B1658 /* Frameworks */ = {
			isa = PBXFrameworksBuildPhase;
			buildActionMask = 2147483647;
			files = (
			);
			runOnlyForDeploymentPostprocessing = 0;
		};
		8AE328BC2211F663002B1658 /* Frameworks */ = {
			isa = PBXFrameworksBuildPhase;
			buildActionMask = 2147483647;
			files = (
			);
			runOnlyForDeploymentPostprocessing = 0;
		};
		8AE328C72211F663002B1658 /* Frameworks */ = {
			isa = PBXFrameworksBuildPhase;
			buildActionMask = 2147483647;
			files = (
			);
			runOnlyForDeploymentPostprocessing = 0;
		};
/* End PBXFrameworksBuildPhase section */

/* Begin PBXGroup section */
		8AE328A22211F662002B1658 = {
			isa = PBXGroup;
			children = (
				8AE328AD2211F662002B1658 /* Interface builder basics */,
				8AE328C22211F663002B1658 /* Interface builder basicsTests */,
				8AE328CD2211F663002B1658 /* Interface builder basicsUITests */,
				8AE328AC2211F662002B1658 /* Products */,
			);
			sourceTree = "<group>";
		};
		8AE328AC2211F662002B1658 /* Products */ = {
			isa = PBXGroup;
			children = (
				8AE328AB2211F662002B1658 /* Interface builder basics.app */,
				8AE328BF2211F663002B1658 /* Interface builder basicsTests.xctest */,
				8AE328CA2211F663002B1658 /* Interface builder basicsUITests.xctest */,
			);
			name = Products;
			sourceTree = "<group>";
		};
		8AE328AD2211F662002B1658 /* Interface builder basics */ = {
			isa = PBXGroup;
			children = (
				8AE328AE2211F662002B1658 /* AppDelegate.swift */,
				8AE328B02211F662002B1658 /* ViewController.swift */,
				8AE328B22211F662002B1658 /* Main.storyboard */,
				8AE328B52211F663002B1658 /* Assets.xcassets */,
				8AE328B72211F663002B1658 /* LaunchScreen.storyboard */,
				8AE328BA2211F663002B1658 /* Info.plist */,
			);
			path = "Interface builder basics";
			sourceTree = "<group>";
		};
		8AE328C22211F663002B1658 /* Interface builder basicsTests */ = {
			isa = PBXGroup;
			children = (
				8AE328C32211F663002B1658 /* Interface_builder_basicsTests.swift */,
				8AE328C52211F663002B1658 /* Info.plist */,
			);
			path = "Interface builder basicsTests";
			sourceTree = "<group>";
		};
		8AE328CD2211F663002B1658 /* Interface builder basicsUITests */ = {
			isa = PBXGroup;
			children = (
				8AE328CE2211F663002B1658 /* Interface_builder_basicsUITests.swift */,
				8AE328D02211F663002B1658 /* Info.plist */,
			);
			path = "Interface builder basicsUITests";
			sourceTree = "<group>";
		};
/* End PBXGroup section */

/* Begin PBXNativeTarget section */
		8AE328AA2211F662002B1658 /* Interface builder basics */ = {
			isa = PBXNativeTarget;
			buildConfigurationList = 8AE328D32211F663002B1658 /* Build configuration list for PBXNativeTarget "Interface builder basics" */;
			buildPhases = (
				8AE328A72211F662002B1658 /* Sources */,
				8AE328A82211F662002B1658 /* Frameworks */,
				8AE328A92211F662002B1658 /* Resources */,
			);
			buildRules = (
			);
			dependencies = (
			);
			name = "Interface builder basics";
			productName = "Interface builder basics";
			productReference = 8AE328AB2211F662002B1658 /* Interface builder basics.app */;
			productType = "com.apple.product-type.application";
		};
		8AE328BE2211F663002B1658 /* Interface builder basicsTests */ = {
			isa = PBXNativeTarget;
			buildConfigurationList = 8AE328D62211F663002B1658 /* Build configuration list for PBXNativeTarget "Interface builder basicsTests" */;
			buildPhases = (
				8AE328BB2211F663002B1658 /* Sources */,
				8AE328BC2211F663002B1658 /* Frameworks */,
				8AE328BD2211F663002B1658 /* Resources */,
			);
			buildRules = (
			);
			dependencies = (
				8AE328C12211F663002B1658 /* PBXTargetDependency */,
			);
			name = "Interface builder basicsTests";
			productName = "Interface builder basicsTests";
			productReference = 8AE328BF2211F663002B1658 /* Interface builder basicsTests.xctest */;
			productType = "com.apple.product-type.bundle.unit-test";
		};
		8AE328C92211F663002B1658 /* Interface builder basicsUITests */ = {
			isa = PBXNativeTarget;
			buildConfigurationList = 8AE328D92211F663002B1658 /* Build configuration list for PBXNativeTarget "Interface builder basicsUITests" */;
			buildPhases = (
				8AE328C62211F663002B1658 /* Sources */,
				8AE328C72211F663002B1658 /* Frameworks */,
				8AE328C82211F663002B1658 /* Resources */,
			);
			buildRules = (
			);
			dependencies = (
				8AE328CC2211F663002B1658 /* PBXTargetDependency */,
			);
			name = "Interface builder basicsUITests";
			productName = "Interface builder basicsUITests";
			productReference = 8AE328CA2211F663002B1658 /* Interface builder basicsUITests.xctest */;
			productType = "com.apple.product-type.bundle.ui-testing";
		};
/* End PBXNativeTarget section */

/* Begin PBXProject section */
		8AE328A32211F662002B1658 /* Project object */ = {
			isa = PBXProject;
			attributes = {
				LastSwiftUpdateCheck = 1010;
				LastUpgradeCheck = 1010;
				ORGANIZATIONNAME = Lliam;
				TargetAttributes = {
					8AE328AA2211F662002B1658 = {
						CreatedOnToolsVersion = 10.1;
					};
					8AE328BE2211F663002B1658 = {
						CreatedOnToolsVersion = 10.1;
						TestTargetID = 8AE328AA2211F662002B1658;
					};
					8AE328C92211F663002B1658 = {
						CreatedOnToolsVersion = 10.1;
						TestTargetID = 8AE328AA2211F662002B1658;
					};
				};
			};
			buildConfigurationList = 8AE328A62211F662002B1658 /* Build configuration list for PBXProject "Interface builder basics" */;
			compatibilityVersion = "Xcode 9.3";
			developmentRegion = en;
			hasScannedForEncodings = 0;
			knownRegions = (
				en,
				Base,
			);
			mainGroup = 8AE328A22211F662002B1658;
			productRefGroup = 8AE328AC2211F662002B1658 /* Products */;
			projectDirPath = "";
			projectRoot = "";
			targets = (
				8AE328AA2211F662002B1658 /* Interface builder basics */,
				8AE328BE2211F663002B1658 /* Interface builder basicsTests */,
				8AE328C92211F663002B1658 /* Interface builder basicsUITests */,
			);
		};
/* End PBXProject section */

/* Begin PBXResourcesBuildPhase section */
		8AE328A92211F662002B1658 /* Resources */ = {
			isa = PBXResourcesBuildPhase;
			buildActionMask = 2147483647;
			files = (
				8AE328B92211F663002B1658 /* LaunchScreen.storyboard in Resources */,
				8AE328B62211F663002B1658 /* Assets.xcassets in Resources */,
				8AE328B42211F662002B1658 /* Main.storyboard in Resources */,
			);
			runOnlyForDeploymentPostprocessing = 0;
		};
		8AE328BD2211F663002B1658 /* Resources */ = {
			isa = PBXResourcesBuildPhase;
			buildActionMask = 2147483647;
			files = (
			);
			runOnlyForDeploymentPostprocessing = 0;
		};
		8AE328C82211F663002B1658 /* Resources */ = {
			isa = PBXResourcesBuildPhase;
			buildActionMask = 2147483647;
			files = (
			);
			runOnlyForDeploymentPostprocessing = 0;
		};
/* End PBXResourcesBuildPhase section */

/* Begin PBXSourcesBuildPhase section */
		8AE328A72211F662002B1658 /* Sources */ = {
			isa = PBXSourcesBuildPhase;
			buildActionMask = 2147483647;
			files = (
				8AE328B12211F662002B1658 /* ViewController.swift in Sources */,
				8AE328AF2211F662002B1658 /* AppDelegate.swift in Sources */,
			);
			runOnlyForDeploymentPostprocessing = 0;
		};
		8AE328BB2211F663002B1658 /* Sources */ = {
			isa = PBXSourcesBuildPhase;
			buildActionMask = 2147483647;
			files = (
				8AE328C42211F663002B1658 /* Interface_builder_basicsTests.swift in Sources */,
			);
			runOnlyForDeploymentPostprocessing = 0;
		};
		8AE328C62211F663002B1658 /* Sources */ = {
			isa = PBXSourcesBuildPhase;
			buildActionMask = 2147483647;
			files = (
				8AE328CF2211F663002B1658 /* Interface_builder_basicsUITests.swift in Sources */,
			);
			runOnlyForDeploymentPostprocessing = 0;
		};
/* End PBXSourcesBuildPhase section */

/* Begin PBXTargetDependency section */
		8AE328C12211F663002B1658 /* PBXTargetDependency */ = {
			isa = PBXTargetDependency;
			target = 8AE328AA2211F662002B1658 /* Interface builder basics */;
			targetProxy = 8AE328C02211F663002B1658 /* PBXContainerItemProxy */;
		};
		8AE328CC2211F663002B1658 /* PBXTargetDependency */ = {
			isa = PBXTargetDependency;
			target = 8AE328AA2211F662002B1658 /* Interface builder basics */;
			targetProxy = 8AE328CB2211F663002B1658 /* PBXContainerItemProxy */;
		};
/* End PBXTargetDependency section */

/* Begin PBXVariantGroup section */
		8AE328B22211F662002B1658 /* Main.storyboard */ = {
			isa = PBXVariantGroup;
			children = (
				8AE328B32211F662002B1658 /* Base */,
			);
			name = Main.storyboard;
			sourceTree = "<group>";
		};
		8AE328B72211F663002B1658 /* LaunchScreen.storyboard */ = {
			isa = PBXVariantGroup;
			children = (
				8AE328B82211F663002B1658 /* Base */,
			);
			name = LaunchScreen.storyboard;
			sourceTree = "<group>";
		};
/* End PBXVariantGroup section */

/* Begin XCBuildConfiguration section */
		8AE328D12211F663002B1658 /* Debug */ = {
			isa = XCBuildConfiguration;
			buildSettings = {
				ALWAYS_SEARCH_USER_PATHS = NO;
				CLANG_ANALYZER_NONNULL = YES;
				CLANG_ANALYZER_NUMBER_OBJECT_CONVERSION = YES_AGGRESSIVE;
				CLANG_CXX_LANGUAGE_STANDARD = "gnu++14";
				CLANG_CXX_LIBRARY = "libc++";
				CLANG_ENABLE_MODULES = YES;
				CLANG_ENABLE_OBJC_ARC = YES;
				CLANG_ENABLE_OBJC_WEAK = YES;
				CLANG_WARN_BLOCK_CAPTURE_AUTORELEASING = YES;
				CLANG_WARN_BOOL_CONVERSION = YES;
				CLANG_WARN_COMMA = YES;
				CLANG_WARN_CONSTANT_CONVERSION = YES;
				CLANG_WARN_DEPRECATED_OBJC_IMPLEMENTATIONS = YES;
				CLANG_WARN_DIRECT_OBJC_ISA_USAGE = YES_ERROR;
				CLANG_WARN_DOCUMENTATION_COMMENTS = YES;
				CLANG_WARN_EMPTY_BODY = YES;
				CLANG_WARN_ENUM_CONVERSION = YES;
				CLANG_WARN_INFINITE_RECURSION = YES;
				CLANG_WARN_INT_CONVERSION = YES;
				CLANG_WARN_NON_LITERAL_NULL_CONVERSION = YES;
				CLANG_WARN_OBJC_IMPLICIT_RETAIN_SELF = YES;
				CLANG_WARN_OBJC_LITERAL_CONVERSION = YES;
				CLANG_WARN_OBJC_ROOT_CLASS = YES_ERROR;
				CLANG_WARN_RANGE_LOOP_ANALYSIS = YES;
				CLANG_WARN_STRICT_PROTOTYPES = YES;
				CLANG_WARN_SUSPICIOUS_MOVE = YES;
				CLANG_WARN_UNGUARDED_AVAILABILITY = YES_AGGRESSIVE;
				CLANG_WARN_UNREACHABLE_CODE = YES;
				CLANG_WARN__DUPLICATE_METHOD_MATCH = YES;
				CODE_SIGN_IDENTITY = "iPhone Developer";
				COPY_PHASE_STRIP = NO;
				DEBUG_INFORMATION_FORMAT = dwarf;
				ENABLE_STRICT_OBJC_MSGSEND = YES;
				ENABLE_TESTABILITY = YES;
				GCC_C_LANGUAGE_STANDARD = gnu11;
				GCC_DYNAMIC_NO_PIC = NO;
				GCC_NO_COMMON_BLOCKS = YES;
				GCC_OPTIMIZATION_LEVEL = 0;
				GCC_PREPROCESSOR_DEFINITIONS = (
					"DEBUG=1",
					"$(inherited)",
				);
				GCC_WARN_64_TO_32_BIT_CONVERSION = YES;
				GCC_WARN_ABOUT_RETURN_TYPE = YES_ERROR;
				GCC_WARN_UNDECLARED_SELECTOR = YES;
				GCC_WARN_UNINITIALIZED_AUTOS = YES_AGGRESSIVE;
				GCC_WARN_UNUSED_FUNCTION = YES;
				GCC_WARN_UNUSED_VARIABLE = YES;
				IPHONEOS_DEPLOYMENT_TARGET = 12.1;
				MTL_ENABLE_DEBUG_INFO = INCLUDE_SOURCE;
				MTL_FAST_MATH = YES;
				ONLY_ACTIVE_ARCH = YES;
				SDKROOT = iphoneos;
				SWIFT_ACTIVE_COMPILATION_CONDITIONS = DEBUG;
				SWIFT_OPTIMIZATION_LEVEL = "-Onone";
			};
			name = Debug;
		};
		8AE328D22211F663002B1658 /* Release */ = {
			isa = XCBuildConfiguration;
			buildSettings = {
				ALWAYS_SEARCH_USER_PATHS = NO;
				CLANG_ANALYZER_NONNULL = YES;
				CLANG_ANALYZER_NUMBER_OBJECT_CONVERSION = YES_AGGRESSIVE;
				CLANG_CXX_LANGUAGE_STANDARD = "gnu++14";
				CLANG_CXX_LIBRARY = "libc++";
				CLANG_ENABLE_MODULES = YES;
				CLANG_ENABLE_OBJC_ARC = YES;
				CLANG_ENABLE_OBJC_WEAK = YES;
				CLANG_WARN_BLOCK_CAPTURE_AUTORELEASING = YES;
				CLANG_WARN_BOOL_CONVERSION = YES;
				CLANG_WARN_COMMA = YES;
				CLANG_WARN_CONSTANT_CONVERSION = YES;
				CLANG_WARN_DEPRECATED_OBJC_IMPLEMENTATIONS = YES;
				CLANG_WARN_DIRECT_OBJC_ISA_USAGE = YES_ERROR;
				CLANG_WARN_DOCUMENTATION_COMMENTS = YES;
				CLANG_WARN_EMPTY_BODY = YES;
				CLANG_WARN_ENUM_CONVERSION = YES;
				CLANG_WARN_INFINITE_RECURSION = YES;
				CLANG_WARN_INT_CONVERSION = YES;
				CLANG_WARN_NON_LITERAL_NULL_CONVERSION = YES;
				CLANG_WARN_OBJC_IMPLICIT_RETAIN_SELF = YES;
				CLANG_WARN_OBJC_LITERAL_CONVERSION = YES;
				CLANG_WARN_OBJC_ROOT_CLASS = YES_ERROR;
				CLANG_WARN_RANGE_LOOP_ANALYSIS = YES;
				CLANG_WARN_STRICT_PROTOTYPES = YES;
				CLANG_WARN_SUSPICIOUS_MOVE = YES;
				CLANG_WARN_UNGUARDED_AVAILABILITY = YES_AGGRESSIVE;
				CLANG_WARN_UNREACHABLE_CODE = YES;
				CLANG_WARN__DUPLICATE_METHOD_MATCH = YES;
				CODE_SIGN_IDENTITY = "iPhone Developer";
				COPY_PHASE_STRIP = NO;
				DEBUG_INFORMATION_FORMAT = "dwarf-with-dsym";
				ENABLE_NS_ASSERTIONS = NO;
				ENABLE_STRICT_OBJC_MSGSEND = YES;
				GCC_C_LANGUAGE_STANDARD = gnu11;
				GCC_NO_COMMON_BLOCKS = YES;
				GCC_WARN_64_TO_32_BIT_CONVERSION = YES;
				GCC_WARN_ABOUT_RETURN_TYPE = YES_ERROR;
				GCC_WARN_UNDECLARED_SELECTOR = YES;
				GCC_WARN_UNINITIALIZED_AUTOS = YES_AGGRESSIVE;
				GCC_WARN_UNUSED_FUNCTION = YES;
				GCC_WARN_UNUSED_VARIABLE = YES;
				IPHONEOS_DEPLOYMENT_TARGET = 12.1;
				MTL_ENABLE_DEBUG_INFO = NO;
				MTL_FAST_MATH = YES;
				SDKROOT = iphoneos;
				SWIFT_COMPILATION_MODE = wholemodule;
				SWIFT_OPTIMIZATION_LEVEL = "-O";
				VALIDATE_PRODUCT = YES;
			};
			name = Release;
		};
		8AE328D42211F663002B1658 /* Debug */ = {
			isa = XCBuildConfiguration;
			buildSettings = {
				ASSETCATALOG_COMPILER_APPICON_NAME = AppIcon;
				CODE_SIGN_STYLE = Automatic;
				INFOPLIST_FILE = "Interface builder basics/Info.plist";
				LD_RUNPATH_SEARCH_PATHS = (
					"$(inherited)",
					"@executable_path/Frameworks",
				);
				PRODUCT_BUNDLE_IDENTIFIER = "org.ssfs.Interface-builder-basics";
				PRODUCT_NAME = "$(TARGET_NAME)";
				SWIFT_VERSION = 4.2;
				TARGETED_DEVICE_FAMILY = "1,2";
			};
			name = Debug;
		};
		8AE328D52211F663002B1658 /* Release */ = {
			isa = XCBuildConfiguration;
			buildSettings = {
				ASSETCATALOG_COMPILER_APPICON_NAME = AppIcon;
				CODE_SIGN_STYLE = Automatic;
				INFOPLIST_FILE = "Interface builder basics/Info.plist";
				LD_RUNPATH_SEARCH_PATHS = (
					"$(inherited)",
					"@executable_path/Frameworks",
				);
				PRODUCT_BUNDLE_IDENTIFIER = "org.ssfs.Interface-builder-basics";
				PRODUCT_NAME = "$(TARGET_NAME)";
				SWIFT_VERSION = 4.2;
				TARGETED_DEVICE_FAMILY = "1,2";
			};
			name = Release;
		};
		8AE328D72211F663002B1658 /* Debug */ = {
			isa = XCBuildConfiguration;
			buildSettings = {
				ALWAYS_EMBED_SWIFT_STANDARD_LIBRARIES = YES;
				BUNDLE_LOADER = "$(TEST_HOST)";
				CODE_SIGN_STYLE = Automatic;
				INFOPLIST_FILE = "Interface builder basicsTests/Info.plist";
				LD_RUNPATH_SEARCH_PATHS = (
					"$(inherited)",
					"@executable_path/Frameworks",
					"@loader_path/Frameworks",
				);
				PRODUCT_BUNDLE_IDENTIFIER = "org.ssfs.Interface-builder-basicsTests";
				PRODUCT_NAME = "$(TARGET_NAME)";
				SWIFT_VERSION = 4.2;
				TARGETED_DEVICE_FAMILY = "1,2";
				TEST_HOST = "$(BUILT_PRODUCTS_DIR)/Interface builder basics.app/Interface builder basics";
			};
			name = Debug;
		};
		8AE328D82211F663002B1658 /* Release */ = {
			isa = XCBuildConfiguration;
			buildSettings = {
				ALWAYS_EMBED_SWIFT_STANDARD_LIBRARIES = YES;
				BUNDLE_LOADER = "$(TEST_HOST)";
				CODE_SIGN_STYLE = Automatic;
				INFOPLIST_FILE = "Interface builder basicsTests/Info.plist";
				LD_RUNPATH_SEARCH_PATHS = (
					"$(inherited)",
					"@executable_path/Frameworks",
					"@loader_path/Frameworks",
				);
				PRODUCT_BUNDLE_IDENTIFIER = "org.ssfs.Interface-builder-basicsTests";
				PRODUCT_NAME = "$(TARGET_NAME)";
				SWIFT_VERSION = 4.2;
				TARGETED_DEVICE_FAMILY = "1,2";
				TEST_HOST = "$(BUILT_PRODUCTS_DIR)/Interface builder basics.app/Interface builder basics";
			};
			name = Release;
		};
		8AE328DA2211F663002B1658 /* Debug */ = {
			isa = XCBuildConfiguration;
			buildSettings = {
				ALWAYS_EMBED_SWIFT_STANDARD_LIBRARIES = YES;
				CODE_SIGN_STYLE = Automatic;
				INFOPLIST_FILE = "Interface builder basicsUITests/Info.plist";
				LD_RUNPATH_SEARCH_PATHS = (
					"$(inherited)",
					"@executable_path/Frameworks",
					"@loader_path/Frameworks",
				);
				PRODUCT_BUNDLE_IDENTIFIER = "org.ssfs.Interface-builder-basicsUITests";
				PRODUCT_NAME = "$(TARGET_NAME)";
				SWIFT_VERSION = 4.2;
				TARGETED_DEVICE_FAMILY = "1,2";
				TEST_TARGET_NAME = "Interface builder basics";
			};
			name = Debug;
		};
		8AE328DB2211F663002B1658 /* Release */ = {
			isa = XCBuildConfiguration;
			buildSettings = {
				ALWAYS_EMBED_SWIFT_STANDARD_LIBRARIES = YES;
				CODE_SIGN_STYLE = Automatic;
				INFOPLIST_FILE = "Interface builder basicsUITests/Info.plist";
				LD_RUNPATH_SEARCH_PATHS = (
					"$(inherited)",
					"@executable_path/Frameworks",
					"@loader_path/Frameworks",
				);
				PRODUCT_BUNDLE_IDENTIFIER = "org.ssfs.Interface-builder-basicsUITests";
				PRODUCT_NAME = "$(TARGET_NAME)";
				SWIFT_VERSION = 4.2;
				TARGETED_DEVICE_FAMILY = "1,2";
				TEST_TARGET_NAME = "Interface builder basics";
			};
			name = Release;
		};
/* End XCBuildConfiguration section */

/* Begin XCConfigurationList section */
		8AE328A62211F662002B1658 /* Build configuration list for PBXProject "Interface builder basics" */ = {
			isa = XCConfigurationList;
			buildConfigurations = (
				8AE328D12211F663002B1658 /* Debug */,
				8AE328D22211F663002B1658 /* Release */,
			);
			defaultConfigurationIsVisible = 0;
			defaultConfigurationName = Release;
		};
		8AE328D32211F663002B1658 /* Build configuration list for PBXNativeTarget "Interface builder basics" */ = {
			isa = XCConfigurationList;
			buildConfigurations = (
				8AE328D42211F663002B1658 /* Debug */,
				8AE328D52211F663002B1658 /* Release */,
			);
			defaultConfigurationIsVisible = 0;
			defaultConfigurationName = Release;
		};
		8AE328D62211F663002B1658 /* Build configuration list for PBXNativeTarget "Interface builder basicsTests" */ = {
			isa = XCConfigurationList;
			buildConfigurations = (
				8AE328D72211F663002B1658 /* Debug */,
				8AE328D82211F663002B1658 /* Release */,
			);
			defaultConfigurationIsVisible = 0;
			defaultConfigurationName = Release;
		};
		8AE328D92211F663002B1658 /* Build configuration list for PBXNativeTarget "Interface builder basicsUITests" */ = {
			isa = XCConfigurationList;
			buildConfigurations = (
				8AE328DA2211F663002B1658 /* Debug */,
				8AE328DB2211F663002B1658 /* Release */,
			);
			defaultConfigurationIsVisible = 0;
			defaultConfigurationName = Release;
		};
/* End XCConfigurationList section */
	};
	rootObject = 8AE328A32211F662002B1658 /* Project object */;
}
